{
    "_meta": {
        "hash": {
            "sha256": "78c5b2ccb16480f3738e082413642d54a993c6b5d4686d6fe5467fb0c32f7f06"
        },
        "pipfile-spec": 6,
        "requires": {
            "python_version": "3.7"
        },
        "sources": [
            {
                "name": "pypi",
                "url": "https://pypi.org/simple",
                "verify_ssl": true
            }
        ]
    },
    "default": {
        "aplpy": {
            "hashes": [
                "sha256:239f3d83635ca4251536aeb577df7c60df77fc4d658097b92094719739aec3f3",
                "sha256:79ff76ef5ab10473e3c2ce56d5a5aeea9e69abefa535ce91da14cbfa7072acab"
            ],
            "index": "pypi",
            "version": "==2.0.3"
        },
        "asgiref": {
            "hashes": [
                "sha256:5ee950735509d04eb673bd7f7120f8fa1c9e2df495394992c73234d526907e17",
                "sha256:7162a3cb30ab0609f1a4c95938fd73e8604f63bdba516a7f7d64b83ff09478f0"
            ],
            "version": "==3.3.1"
        },
        "astropy": {
            "hashes": [
                "sha256:0804f601dddfd6b5b72e11eb6e58133ff7db25bb8c26851449352ba1f414b74c",
                "sha256:10e45a5456929b75b3a29d8174d39466b1823280bcf99f3b4c6c51e521a6f04d",
                "sha256:27544cb41ba54a60acaf195c53b4912edbbfa4b0ab005c06d5d929553e0d8329",
                "sha256:2fb991128b522eb1f133e6ca1c14425368bda8888eb387dba1abc18ee76582ee",
                "sha256:4a70a44a9f773acbb75ba24bf36e4f3a8b702f37384d03f9ff9097edd8ad0890",
                "sha256:5083e1e8fbd065da521b761ee14382bb561d8bbe3957653b2f941690128f8940",
                "sha256:51c3a29c4252b1697fd950e2b333d84cb6baf8d9a5258bbef6d0089b65c303b3",
                "sha256:6d6792e4e49f4662be075477f75aff7d3cc5bf5c58702d6b55f0048f14610c00",
                "sha256:70c4b97d2ac5d19fad753d0a7dccc7b14e12786546e78ae27cae3a7a73ecd11d",
                "sha256:83cfa44aa6cac0c434b238be6a758d49a33ab608aad7bb2f7410ce497c28312d",
                "sha256:85f199c41d28da78c0a09076904fe3c3034c0f4917d251a23ad364ed0e9ff2d5",
                "sha256:a3bad6e1c2619135ad33e4d80452866eb9468f610bf00754da4001c63c1f7049",
                "sha256:aca1dbca1c9f6d6ba17682e44dc53ffd62dd0d13448d38713140d634ec45b295",
                "sha256:cd4390da737a5123397a1bb00cf597842bf21fd199862ba161d9c18cd2d12c14",
                "sha256:d51f3b9091004a3ed263bc2a51a677762a6c8c7437da5115d3149dc1de6f71bf",
                "sha256:f0fe5387992e0c96d9186752b2ac6a5801a51af0316d75427823588af9be75da"
            ],
            "index": "pypi",
            "version": "==4.1"
        },
        "astropy-healpix": {
            "hashes": [
                "sha256:0672c1d3522070cdb6b6f749a26d69c098d38ab34319a2ee214ddbda6c02449e",
                "sha256:0dcabee663d545f92d00328506f7f381a6d3a27a73bb3da891515e5d3fc18386",
                "sha256:1705c05ba47648c6dc233d1b449fa8905575feca2462ba78c483bb012ed3b674",
                "sha256:2226fe390a3b551aaf706f120d0c10fcb808db58468a3ab335c3cf7c22d92c4f",
                "sha256:24ec4a55fe115e1c83dbeb627e35a49d975f5c9a69f60529cecfc3e6ddcf0f67",
                "sha256:36d78de51a1a6e16351758e185bf69a1080bd9dbb846cae92e7a20fd022cff32",
                "sha256:409a6621c383641456c074f0f0350a24a4a58e910eaeef14e9bbce3e00ad6690",
                "sha256:469475028d8192ffeda6212b5a6f504702e8afa57fe3074f09505a2e1f2bc6be",
                "sha256:46f7d2918079281d5be5899a286828904a01b65f088ab564f7c1e8636914cea1",
                "sha256:4859d6b0ee40bd5dc15cd5eb8e6268eb0514de6d8471915295294971d2ce70fb",
                "sha256:5c4488031495c490431be9ef654343c55d5b43d1bb6647ed56632efe3b966483",
                "sha256:60bf5fdac4c59b7c81ef5d1cea0afe2bae0a19df7bb304e32d796f68eedd9e5c",
                "sha256:6377116980432149d054f5b8174859dc64b11440d3cd86a8b2b157e6333c9b24",
                "sha256:7b139d6dd924869ef21dbf5cfb0d20b9b13625252378e3b4b3af9f10c67e8f31",
                "sha256:82d5d6ed02f65c19f9e6cb8dbcab2c9b2c6c05814cc39f77dab13a47596a2ad2",
                "sha256:8681ddea456706aee3b342e095401d5e866ff14a13c6f97ac59856c2ac2df2f3",
                "sha256:88099d9c30f66a5ee003f6ea73f0199fae41ec8db68843434750633ae3d1b45b",
                "sha256:88f2bd21889b5b0236a0359688265bb04834e5fd15a1ffe238badce681fbcf8b",
                "sha256:91abc6f6d8412a9a5c97531e333da7428ce79c585731b68079958a8899bd745b",
                "sha256:954570fdfb8f614d9422765ebe486ee036f7cbf71930a1a43d0b2bfaed935667",
                "sha256:9e461c23b54c4dd7869791215fb2e774c4506810830a25810db0cb1de9793584",
                "sha256:aa5f66e32c440e21c008d321e13707d3c600b85882231550da807ee2a7984fc9",
                "sha256:b4fce57675726e3145498ec7f342043d8259a7c7c0e3ada459c4e4f1468f7df0",
                "sha256:ca3866d89e4ab5689bf0c197655f27ce811e1238847181d234f27ed0b0ff35d3",
                "sha256:d161dd96622d086c2892128bc8ca2573465f6b64e688364c102d626ede211623",
                "sha256:de44b0cc86b892192d44dc0ce6a7ea96391ab028bcd10ca855e366c507d90968",
                "sha256:e30d0d9d2562743e6f804e4ffb1145ec58565bae558daa4b48b872a47e794d25",
                "sha256:eb4218a57c197237cd54f5524a387debef7494676e24910e4a4d9f0adc8fa9f1",
                "sha256:f68fd85449ce6523fa0cadc49348e7475714c4b0182b4cbc9727d7fa55afdec7"
            ],
            "version": "==0.6"
        },
        "bcrypt": {
            "hashes": [
                "sha256:5b93c1726e50a93a033c36e5ca7fdcd29a5c7395af50a6892f5d9e7c6cfbfb29",
                "sha256:63d4e3ff96188e5898779b6057878fecf3f11cfe6ec3b313ea09955d587ec7a7",
                "sha256:81fec756feff5b6818ea7ab031205e1d323d8943d237303baca2c5f9c7846f34",
                "sha256:a67fb841b35c28a59cebed05fbd3e80eea26e6d75851f0574a9273c80f3e9b55",
                "sha256:c95d4cbebffafcdd28bd28bb4e25b31c50f6da605c81ffd9ad8a3d1b2ab7b1b6",
                "sha256:cd1ea2ff3038509ea95f687256c46b79f5fc382ad0aa3664d200047546d511d1",
                "sha256:cdcdcb3972027f83fe24a48b1e90ea4b584d35f1cc279d76de6fc4b13376239d"
            ],
            "version": "==3.2.0"
        },
        "certifi": {
            "hashes": [
                "sha256:1a4995114262bffbc2413b159f2a1a480c969de6e6eb13ee966d470af86af59c",
                "sha256:719a74fb9e33b9bd44cc7f3a8d94bc35e4049deebe19ba7d8e108280cfd59830"
            ],
            "version": "==2020.12.5"
        },
        "cffi": {
            "hashes": [
                "sha256:005a36f41773e148deac64b08f233873a4d0c18b053d37da83f6af4d9087b813",
                "sha256:0857f0ae312d855239a55c81ef453ee8fd24136eaba8e87a2eceba644c0d4c06",
                "sha256:1071534bbbf8cbb31b498d5d9db0f274f2f7a865adca4ae429e147ba40f73dea",
                "sha256:158d0d15119b4b7ff6b926536763dc0714313aa59e320ddf787502c70c4d4bee",
                "sha256:1f436816fc868b098b0d63b8920de7d208c90a67212546d02f84fe78a9c26396",
                "sha256:2894f2df484ff56d717bead0a5c2abb6b9d2bf26d6960c4604d5c48bbc30ee73",
                "sha256:29314480e958fd8aab22e4a58b355b629c59bf5f2ac2492b61e3dc06d8c7a315",
                "sha256:34eff4b97f3d982fb93e2831e6750127d1355a923ebaeeb565407b3d2f8d41a1",
                "sha256:35f27e6eb43380fa080dccf676dece30bef72e4a67617ffda586641cd4508d49",
                "sha256:3d3dd4c9e559eb172ecf00a2a7517e97d1e96de2a5e610bd9b68cea3925b4892",
                "sha256:43e0b9d9e2c9e5d152946b9c5fe062c151614b262fda2e7b201204de0b99e482",
                "sha256:48e1c69bbacfc3d932221851b39d49e81567a4d4aac3b21258d9c24578280058",
                "sha256:51182f8927c5af975fece87b1b369f722c570fe169f9880764b1ee3bca8347b5",
                "sha256:58e3f59d583d413809d60779492342801d6e82fefb89c86a38e040c16883be53",
                "sha256:5de7970188bb46b7bf9858eb6890aad302577a5f6f75091fd7cdd3ef13ef3045",
                "sha256:65fa59693c62cf06e45ddbb822165394a288edce9e276647f0046e1ec26920f3",
                "sha256:69e395c24fc60aad6bb4fa7e583698ea6cc684648e1ffb7fe85e3c1ca131a7d5",
                "sha256:6c97d7350133666fbb5cf4abdc1178c812cb205dc6f41d174a7b0f18fb93337e",
                "sha256:6e4714cc64f474e4d6e37cfff31a814b509a35cb17de4fb1999907575684479c",
                "sha256:72d8d3ef52c208ee1c7b2e341f7d71c6fd3157138abf1a95166e6165dd5d4369",
                "sha256:8ae6299f6c68de06f136f1f9e69458eae58f1dacf10af5c17353eae03aa0d827",
                "sha256:8b198cec6c72df5289c05b05b8b0969819783f9418e0409865dac47288d2a053",
                "sha256:99cd03ae7988a93dd00bcd9d0b75e1f6c426063d6f03d2f90b89e29b25b82dfa",
                "sha256:9cf8022fb8d07a97c178b02327b284521c7708d7c71a9c9c355c178ac4bbd3d4",
                "sha256:9de2e279153a443c656f2defd67769e6d1e4163952b3c622dcea5b08a6405322",
                "sha256:9e93e79c2551ff263400e1e4be085a1210e12073a31c2011dbbda14bda0c6132",
                "sha256:9ff227395193126d82e60319a673a037d5de84633f11279e336f9c0f189ecc62",
                "sha256:a465da611f6fa124963b91bf432d960a555563efe4ed1cc403ba5077b15370aa",
                "sha256:ad17025d226ee5beec591b52800c11680fca3df50b8b29fe51d882576e039ee0",
                "sha256:afb29c1ba2e5a3736f1c301d9d0abe3ec8b86957d04ddfa9d7a6a42b9367e396",
                "sha256:b85eb46a81787c50650f2392b9b4ef23e1f126313b9e0e9013b35c15e4288e2e",
                "sha256:bb89f306e5da99f4d922728ddcd6f7fcebb3241fc40edebcb7284d7514741991",
                "sha256:cbde590d4faaa07c72bf979734738f328d239913ba3e043b1e98fe9a39f8b2b6",
                "sha256:cd2868886d547469123fadc46eac7ea5253ea7fcb139f12e1dfc2bbd406427d1",
                "sha256:d42b11d692e11b6634f7613ad8df5d6d5f8875f5d48939520d351007b3c13406",
                "sha256:f2d45f97ab6bb54753eab54fffe75aaf3de4ff2341c9daee1987ee1837636f1d",
                "sha256:fd78e5fee591709f32ef6edb9a015b4aa1a5022598e36227500c8f4e02328d9c"
            ],
            "version": "==1.14.5"
        },
        "chardet": {
            "hashes": [
                "sha256:84ab92ed1c4d4f16916e05906b6b75a6c0fb5db821cc65e70cbd64a3e2a5eaae",
                "sha256:fc323ffcaeaed0e0a02bf4d117757b98aed530d9ed4531e3e15460124c106691"
            ],
            "version": "==3.0.4"
        },
        "cryptography": {
            "hashes": [
                "sha256:066bc53f052dfeda2f2d7c195cf16fb3e5ff13e1b6b7415b468514b40b381a5b",
                "sha256:0923ba600d00718d63a3976f23cab19aef10c1765038945628cd9be047ad0336",
                "sha256:2d32223e5b0ee02943f32b19245b61a62db83a882f0e76cc564e1cec60d48f87",
                "sha256:4169a27b818de4a1860720108b55a2801f32b6ae79e7f99c00d79f2a2822eeb7",
                "sha256:57ad77d32917bc55299b16d3b996ffa42a1c73c6cfa829b14043c561288d2799",
                "sha256:5ecf2bcb34d17415e89b546dbb44e73080f747e504273e4d4987630493cded1b",
                "sha256:600cf9bfe75e96d965509a4c0b2b183f74a4fa6f5331dcb40fb7b77b7c2484df",
                "sha256:66b57a9ca4b3221d51b237094b0303843b914b7d5afd4349970bb26518e350b0",
                "sha256:93cfe5b7ff006de13e1e89830810ecbd014791b042cbe5eec253be11ac2b28f3",
                "sha256:9e98b452132963678e3ac6c73f7010fe53adf72209a32854d55690acac3f6724",
                "sha256:df186fcbf86dc1ce56305becb8434e4b6b7504bc724b71ad7a3239e0c9d14ef2",
                "sha256:fec7fb46b10da10d9e1d078d1ff8ed9e05ae14f431fdbd11145edd0550b9a964"
            ],
            "version": "==3.4.6"
        },
        "cycler": {
            "hashes": [
                "sha256:1d8a5ae1ff6c5cf9b93e8811e581232ad8920aeec647c37316ceac982b08cb2d",
                "sha256:cd7b2d1018258d7247a71425e9f26463dfb444d411c39569972f4ce586b0c9d8"
            ],
            "version": "==0.10.0"
        },
        "cython": {
            "hashes": [
                "sha256:105d813eedf276588a02a240ece2f7bca8235aee9bb48e25293410c3c1ac7230",
                "sha256:15b2ba47858d7949a036d4ba6e838120bf3c06983769e99d12867a2c8cd0cd91",
                "sha256:182e78d75515e3d50f31cfde501fbf2af7ee0698e8149f41048db5d3c98ffc8f",
                "sha256:3ce10572a6b7fd5baa755f11cdf09830ae518e6f837aa38c31ec534b1f874fd4",
                "sha256:40a87c9ecd0b1b485804c70b16427e88bd07bff9f270d022d872869ff4d6ac6e",
                "sha256:59c950513c485f1e8da0e04a2a91f71508c5e98b6912ce66588c6aee72d8e4d1",
                "sha256:5cc5e72a106d7abc12b6e58883c914bce0b2031df6035014094a15593052db12",
                "sha256:6609babc68d37bb92a1b85ebd867405f720aeb2a6af946f6bd7f71b22dbb91cf",
                "sha256:667b169c89c4b8eb79d35822508ed8d77b9421af085142fad20bfef775a295d2",
                "sha256:7265abb33f154663a052c47213b978ec703f89a938bca38f425f25d4e8ba2211",
                "sha256:761b965b5abcea072ba642dbb740e44532bc88618f34b605c05de1d6088b1cdd",
                "sha256:88bebb8803adac0b64426fd261752925e8bf301b1986078e9506670bcbb5307f",
                "sha256:92c028e0d4ac9e32b2cf6c970f7f6c5c3aaa87f011798201ef56746705a8f01a",
                "sha256:97511722515b66851d3f77d64b1970a97e5114c4007efd5a0a307936e156a24c",
                "sha256:a6f5bf7fece95dd62ba13a9edb7d3ecc1a9097e6f0fde78c5fad763163157472",
                "sha256:a8aee32da407f215652959fc6568277cfd35a24714a5238c8a9778bf34d91ace",
                "sha256:ab4c34d8693a62f1b8261a131784a3db397ceaa03ea90a5799574623acaa2c2c",
                "sha256:af646d37e23fc3ba217c587096fac4e57006d8173d2a2365763287071e0eec2d",
                "sha256:b53c9d7b545c70f462408000affdd330cb87d05f83a58a9ccd72d19c8df80d56",
                "sha256:ba7f34e07ca0d1ce4ba8d9e3da6d2eb0b1ac6cb9896d2c821b28a9ac9504bcfe",
                "sha256:bbc48be45ee9eba2d0268bf616220cfb46d998ad85524f3cf752d55eb6dd3379",
                "sha256:c4f2c8cceffd8403468b542570826174564fe2c6549dd199a75c13720add4981",
                "sha256:d73a4851d1dbdcc70e619ccb104877d5e523d0fc5aef6fb6fbba4344c1f60cae",
                "sha256:d76feb00f754d86e6d48f39b59a4e9a8fcfed1e6e3e433d18e3677ff19ff2911",
                "sha256:dc42b78b62815abea19a37d186011cca57f72ec509f56fa6c43a71b2e8c6a24f",
                "sha256:df6b83c7a6d1d967ea89a2903e4a931377634a297459652e4551734c48195406",
                "sha256:e8c84ad389b3f36433e1be88dd7a1e36db4ab5b4848f5899cbd0a1cdc443b925",
                "sha256:f5f57b2e13cc3aa95526145ffa551df529f04bf5d137c59350e7accff9362dc0",
                "sha256:f7064df99094b4fd09c9ebcca6c94a652fac04c7dce514a4f2ab6ce23fcd0ba4",
                "sha256:f89c19480d137026f04a34cbd54ab0fb328b29005c91d3a36d06b9c4710152c1",
                "sha256:fedecbd2ad6535e30dd3b43ca9b493a1930d5167257a3fb60687bd425f6fdc54"
            ],
            "version": "==0.29.22"
        },
        "decorator": {
            "hashes": [
                "sha256:41fa54c2a0cc4ba648be4fd43cff00aedf5b9465c9bf18d64325bc225f08f760",
                "sha256:e3a62f0520172440ca0dcc823749319382e377f37f140a0b99ef45fecb84bfe7"
            ],
            "version": "==4.4.2"
        },
        "django": {
            "hashes": [
                "sha256:169e2e7b4839a7910b393eec127fd7cbae62e80fa55f89c6510426abf673fe5f",
                "sha256:c6c0462b8b361f8691171af1fb87eceb4442da28477e12200c40420176206ba7"
            ],
            "index": "pypi",
            "version": "==3.1.6"
        },
        "django-fontawesome-5": {
            "hashes": [
                "sha256:1be340e795a6a68ebd9ba5d75e26bd72a839515c351786ff45e16b90bf50c3a0",
                "sha256:4fc4a7f5d0fe6e10d542ac9f1c143ad5e92aa61c6f310ea297c3c26bfc6001dd"
            ],
            "index": "pypi",
            "version": "==1.0.18"
        },
        "djangorestframework": {
            "hashes": [
                "sha256:5c5071fcbad6dce16f566d492015c829ddb0df42965d488b878594aabc3aed21",
                "sha256:d54452aedebb4b650254ca092f9f4f5df947cb1de6ab245d817b08b4f4156249"
            ],
            "index": "pypi",
            "version": "==3.12.1"
        },
        "fabric": {
            "hashes": [
                "sha256:160331934ea60036604928e792fa8e9f813266b098ef5562aa82b88527740389",
                "sha256:24842d7d51556adcabd885ac3cf5e1df73fc622a1708bf3667bf5927576cdfa6"
            ],
            "index": "pypi",
            "version": "==2.5.0"
        },
        "idna": {
            "hashes": [
                "sha256:b307872f855b18632ce0c21c5e45be78c0ea7ae4c15c828c20788b26921eb3f6",
                "sha256:b97d804b1e9b523befed77c48dacec60e6dcb0b5391d57af6a65a312a90648c0"
            ],
            "version": "==2.10"
        },
        "imageio": {
            "hashes": [
                "sha256:3604d751f03002e8e0e7650aa71d8d9148144a87daf17cb1f3228e80747f2e6b",
                "sha256:52ddbaeca2dccf53ba2d6dec5676ca7bc3b2403ef8b37f7da78b7654bb3e10f0"
            ],
            "version": "==2.9.0"
        },
        "invoke": {
            "hashes": [
                "sha256:7e44d98a7dc00c91c79bac9e3007276965d2c96884b3c22077a9f04042bd6d90",
                "sha256:da7c2d0be71be83ffd6337e078ef9643f41240024d6b2659e7b46e0b251e339f",
                "sha256:f0c560075b5fb29ba14dad44a7185514e94970d1b9d57dcd3723bec5fed92650"
            ],
            "version": "==1.5.0"
        },
        "jsonfield": {
            "hashes": [
                "sha256:7e4e84597de21eeaeeaaa7cc5da08c61c48a9b64d0c446b2d71255d01812887a",
                "sha256:df857811587f252b97bafba42e02805e70a398a7a47870bc6358a0308dd689ed"
            ],
            "index": "pypi",
            "version": "==3.1.0"
        },
        "kiwisolver": {
            "hashes": [
                "sha256:0cd53f403202159b44528498de18f9285b04482bab2a6fc3f5dd8dbb9352e30d",
                "sha256:1e1bc12fb773a7b2ffdeb8380609f4f8064777877b2225dec3da711b421fda31",
                "sha256:225e2e18f271e0ed8157d7f4518ffbf99b9450fca398d561eb5c4a87d0986dd9",
                "sha256:232c9e11fd7ac3a470d65cd67e4359eee155ec57e822e5220322d7b2ac84fbf0",
                "sha256:31dfd2ac56edc0ff9ac295193eeaea1c0c923c0355bf948fbd99ed6018010b72",
                "sha256:33449715e0101e4d34f64990352bce4095c8bf13bed1b390773fc0a7295967b3",
                "sha256:401a2e9afa8588589775fe34fc22d918ae839aaaf0c0e96441c0fdbce6d8ebe6",
                "sha256:44a62e24d9b01ba94ae7a4a6c3fb215dc4af1dde817e7498d901e229aaf50e4e",
                "sha256:50af681a36b2a1dee1d3c169ade9fdc59207d3c31e522519181e12f1b3ba7000",
                "sha256:563c649cfdef27d081c84e72a03b48ea9408c16657500c312575ae9d9f7bc1c3",
                "sha256:5989db3b3b34b76c09253deeaf7fbc2707616f130e166996606c284395da3f18",
                "sha256:5a7a7dbff17e66fac9142ae2ecafb719393aaee6a3768c9de2fd425c63b53e21",
                "sha256:5c3e6455341008a054cccee8c5d24481bcfe1acdbc9add30aa95798e95c65621",
                "sha256:5f6ccd3dd0b9739edcf407514016108e2280769c73a85b9e59aa390046dbf08b",
                "sha256:72c99e39d005b793fb7d3d4e660aed6b6281b502e8c1eaf8ee8346023c8e03bc",
                "sha256:78751b33595f7f9511952e7e60ce858c6d64db2e062afb325985ddbd34b5c131",
                "sha256:834ee27348c4aefc20b479335fd422a2c69db55f7d9ab61721ac8cd83eb78882",
                "sha256:8be8d84b7d4f2ba4ffff3665bcd0211318aa632395a1a41553250484a871d454",
                "sha256:950a199911a8d94683a6b10321f9345d5a3a8433ec58b217ace979e18f16e248",
                "sha256:a357fd4f15ee49b4a98b44ec23a34a95f1e00292a139d6015c11f55774ef10de",
                "sha256:a53d27d0c2a0ebd07e395e56a1fbdf75ffedc4a05943daf472af163413ce9598",
                "sha256:acef3d59d47dd85ecf909c359d0fd2c81ed33bdff70216d3956b463e12c38a54",
                "sha256:b38694dcdac990a743aa654037ff1188c7a9801ac3ccc548d3341014bc5ca278",
                "sha256:b9edd0110a77fc321ab090aaa1cfcaba1d8499850a12848b81be2222eab648f6",
                "sha256:c08e95114951dc2090c4a630c2385bef681cacf12636fb0241accdc6b303fd81",
                "sha256:c5518d51a0735b1e6cee1fdce66359f8d2b59c3ca85dc2b0813a8aa86818a030",
                "sha256:c8fd0f1ae9d92b42854b2979024d7597685ce4ada367172ed7c09edf2cef9cb8",
                "sha256:ca3820eb7f7faf7f0aa88de0e54681bddcb46e485beb844fcecbcd1c8bd01689",
                "sha256:cf8b574c7b9aa060c62116d4181f3a1a4e821b2ec5cbfe3775809474113748d4",
                "sha256:d3155d828dec1d43283bd24d3d3e0d9c7c350cdfcc0bd06c0ad1209c1bbc36d0",
                "sha256:f8d6f8db88049a699817fd9178782867bf22283e3813064302ac59f61d95be05",
                "sha256:fd34fbbfbc40628200730bc1febe30631347103fc8d3d4fa012c21ab9c11eca9"
            ],
            "version": "==1.3.1"
        },
        "lofar-iee-pipeline": {
            "git": "https://github.com/process-project/LOFAR_IEE_pipeline.git",
            "ref": "23c0f0bdbaebbbf8a8b1fe9b447b0863cfe84df7"
        },
        "lxml": {
            "hashes": [
                "sha256:0448576c148c129594d890265b1a83b9cd76fd1f0a6a04620753d9a6bcfd0a4d",
                "sha256:127f76864468d6630e1b453d3ffbbd04b024c674f55cf0a30dc2595137892d37",
                "sha256:1471cee35eba321827d7d53d104e7b8c593ea3ad376aa2df89533ce8e1b24a01",
                "sha256:2363c35637d2d9d6f26f60a208819e7eafc4305ce39dc1d5005eccc4593331c2",
                "sha256:2e5cc908fe43fe1aa299e58046ad66981131a66aea3129aac7770c37f590a644",
                "sha256:2e6fd1b8acd005bd71e6c94f30c055594bbd0aa02ef51a22bbfa961ab63b2d75",
                "sha256:366cb750140f221523fa062d641393092813b81e15d0e25d9f7c6025f910ee80",
                "sha256:42ebca24ba2a21065fb546f3e6bd0c58c3fe9ac298f3a320147029a4850f51a2",
                "sha256:4e751e77006da34643ab782e4a5cc21ea7b755551db202bc4d3a423b307db780",
                "sha256:4fb85c447e288df535b17ebdebf0ec1cf3a3f1a8eba7e79169f4f37af43c6b98",
                "sha256:50c348995b47b5a4e330362cf39fc503b4a43b14a91c34c83b955e1805c8e308",
                "sha256:535332fe9d00c3cd455bd3dd7d4bacab86e2d564bdf7606079160fa6251caacf",
                "sha256:535f067002b0fd1a4e5296a8f1bf88193080ff992a195e66964ef2a6cfec5388",
                "sha256:5be4a2e212bb6aa045e37f7d48e3e1e4b6fd259882ed5a00786f82e8c37ce77d",
                "sha256:60a20bfc3bd234d54d49c388950195d23a5583d4108e1a1d47c9eef8d8c042b3",
                "sha256:648914abafe67f11be7d93c1a546068f8eff3c5fa938e1f94509e4a5d682b2d8",
                "sha256:681d75e1a38a69f1e64ab82fe4b1ed3fd758717bed735fb9aeaa124143f051af",
                "sha256:68a5d77e440df94011214b7db907ec8f19e439507a70c958f750c18d88f995d2",
                "sha256:69a63f83e88138ab7642d8f61418cf3180a4d8cd13995df87725cb8b893e950e",
                "sha256:6e4183800f16f3679076dfa8abf2db3083919d7e30764a069fb66b2b9eff9939",
                "sha256:6fd8d5903c2e53f49e99359b063df27fdf7acb89a52b6a12494208bf61345a03",
                "sha256:791394449e98243839fa822a637177dd42a95f4883ad3dec2a0ce6ac99fb0a9d",
                "sha256:7a7669ff50f41225ca5d6ee0a1ec8413f3a0d8aa2b109f86d540887b7ec0d72a",
                "sha256:7e9eac1e526386df7c70ef253b792a0a12dd86d833b1d329e038c7a235dfceb5",
                "sha256:7ee8af0b9f7de635c61cdd5b8534b76c52cd03536f29f51151b377f76e214a1a",
                "sha256:8246f30ca34dc712ab07e51dc34fea883c00b7ccb0e614651e49da2c49a30711",
                "sha256:8c88b599e226994ad4db29d93bc149aa1aff3dc3a4355dd5757569ba78632bdf",
                "sha256:923963e989ffbceaa210ac37afc9b906acebe945d2723e9679b643513837b089",
                "sha256:94d55bd03d8671686e3f012577d9caa5421a07286dd351dfef64791cf7c6c505",
                "sha256:97db258793d193c7b62d4e2586c6ed98d51086e93f9a3af2b2034af01450a74b",
                "sha256:a9d6bc8642e2c67db33f1247a77c53476f3a166e09067c0474facb045756087f",
                "sha256:cd11c7e8d21af997ee8079037fff88f16fda188a9776eb4b81c7e4c9c0a7d7fc",
                "sha256:d8d3d4713f0c28bdc6c806a278d998546e8efc3498949e3ace6e117462ac0a5e",
                "sha256:e0bfe9bb028974a481410432dbe1b182e8191d5d40382e5b8ff39cdd2e5c5931",
                "sha256:f4822c0660c3754f1a41a655e37cb4dbbc9be3d35b125a37fab6f82d47674ebc",
                "sha256:f83d281bb2a6217cd806f4cf0ddded436790e66f393e124dfe9731f6b3fb9afe",
                "sha256:fc37870d6716b137e80d19241d0e2cff7a7643b925dfa49b4c8ebd1295eb506e"
            ],
            "version": "==4.6.2"
        },
        "matplotlib": {
            "hashes": [
                "sha256:06866c138d81a593b535d037b2727bec9b0818cadfe6a81f6ec5715b8dd38a89",
                "sha256:16b241c3d17be786966495229714de37de04472da472277869b8d5b456a8df00",
                "sha256:27f9de4784ae6fb97679556c5542cf36c0751dccb4d6407f7c62517fa2078868",
                "sha256:2f5eefc17dc2a71318d5a3496313be5c351c0731e8c4c6182c9ac3782cfc4076",
                "sha256:371518c769d84af8ec9b7dcb871ac44f7a67ef126dd3a15c88c25458e6b6d205",
                "sha256:3d2edbf59367f03cd9daf42939ca06383a7d7803e3993eb5ff1bee8e8a3fbb6b",
                "sha256:3fb0409754b26f48045bacd6818e44e38ca9338089f8ba689e2f9344ff2847c7",
                "sha256:548cfe81476dbac44db96e9c0b074b6fb333b4d1f12b1ae68dbed47e45166384",
                "sha256:57be9e21073fc367237b03ecac0d9e4b8ddbe38e86ec4a316857d8d93ac9286c",
                "sha256:5ccecb5f78b51b885f0028b646786889f49c54883e554fca41a2a05998063f23",
                "sha256:69cf76d673682140f46c6cb5e073332c1f1b2853c748dc1cb04f7d00023567f7",
                "sha256:793e061054662aa27acaff9201cdd510a698541c6e8659eeceb31d66c16facc6",
                "sha256:799c421bc245a0749c1515b6dea6dc02db0a8c1f42446a0f03b3b82a60a900dc",
                "sha256:8bc1d3284dee001f41ec98f59675f4d723683e1cc082830b440b5f081d8e0ade",
                "sha256:a522de31e07ed7d6f954cda3fbd5ca4b8edbfc592a821a7b00291be6f843292e",
                "sha256:be2f0ec62e0939a9dcfd3638c140c5a74fc929ee3fd1f31408ab8633db6e1523",
                "sha256:c5d0c2ae3e3ed4e9f46b7c03b40d443601012ffe8eb8dfbb2bd6b2d00509f797",
                "sha256:f0268613073df055bcc6a490de733012f2cf4fe191c1adb74e41cec8add1a165"
            ],
            "index": "pypi",
            "version": "==3.3.2"
        },
        "networkx": {
            "hashes": [
                "sha256:7978955423fbc9639c10498878be59caf99b44dc304c2286162fd24b458c1602",
                "sha256:8c5812e9f798d37c50570d15c4a69d5710a18d77bafc903ee9c5fba7454c616c"
            ],
            "version": "==2.5"
        },
        "numpy": {
            "hashes": [
                "sha256:032be656d89bbf786d743fee11d01ef318b0781281241997558fa7950028dd29",
                "sha256:104f5e90b143dbf298361a99ac1af4cf59131218a045ebf4ee5990b83cff5fab",
                "sha256:125a0e10ddd99a874fd357bfa1b636cd58deb78ba4a30b5ddb09f645c3512e04",
                "sha256:12e4ba5c6420917571f1a5becc9338abbde71dd811ce40b37ba62dec7b39af6d",
                "sha256:13adf545732bb23a796914fe5f891a12bd74cf3d2986eed7b7eba2941eea1590",
                "sha256:2d7e27442599104ee08f4faed56bb87c55f8b10a5494ac2ead5c98a4b289e61f",
                "sha256:3bc63486a870294683980d76ec1e3efc786295ae00128f9ea38e2c6e74d5a60a",
                "sha256:3d3087e24e354c18fb35c454026af3ed8997cfd4997765266897c68d724e4845",
                "sha256:4ed8e96dc146e12c1c5cdd6fb9fd0757f2ba66048bf94c5126b7efebd12d0090",
                "sha256:60759ab15c94dd0e1ed88241fd4fa3312db4e91d2c8f5a2d4cf3863fad83d65b",
                "sha256:65410c7f4398a0047eea5cca9b74009ea61178efd78d1be9847fac1d6716ec1e",
                "sha256:66b467adfcf628f66ea4ac6430ded0614f5cc06ba530d09571ea404789064adc",
                "sha256:7199109fa46277be503393be9250b983f325880766f847885607d9b13848f257",
                "sha256:72251e43ac426ff98ea802a931922c79b8d7596480300eb9f1b1e45e0543571e",
                "sha256:89e5336f2bec0c726ac7e7cdae181b325a9c0ee24e604704ed830d241c5e47ff",
                "sha256:89f937b13b8dd17b0099c7c2e22066883c86ca1575a975f754babc8fbf8d69a9",
                "sha256:9c94cab5054bad82a70b2e77741271790304651d584e2cdfe2041488e753863b",
                "sha256:9eb551d122fadca7774b97db8a112b77231dcccda8e91a5bc99e79890797175e",
                "sha256:a1d7995d1023335e67fb070b2fae6f5968f5be3802b15ad6d79d81ecaa014fe0",
                "sha256:ae61f02b84a0211abb56462a3b6cd1e7ec39d466d3160eb4e1da8bf6717cdbeb",
                "sha256:b9410c0b6fed4a22554f072a86c361e417f0258838957b78bd063bde2c7f841f",
                "sha256:c26287dfc888cf1e65181f39ea75e11f42ffc4f4529e5bd19add57ad458996e2",
                "sha256:c91ec9569facd4757ade0888371eced2ecf49e7982ce5634cc2cf4e7331a4b14",
                "sha256:ecb5b74c702358cdc21268ff4c37f7466357871f53a30e6f84c686952bef16a9"
            ],
            "version": "==1.20.1"
        },
        "paramiko": {
            "hashes": [
                "sha256:4f3e316fef2ac628b05097a637af35685183111d4bc1b5979bd397c2ab7b5898",
                "sha256:7f36f4ba2c0d81d219f4595e35f70d56cc94f9ac40a6acdf51d6ca210ce65035"
            ],
            "version": "==2.7.2"
        },
        "pillow": {
            "hashes": [
                "sha256:15306d71a1e96d7e271fd2a0737038b5a92ca2978d2e38b6ced7966583e3d5af",
                "sha256:1940fc4d361f9cc7e558d6f56ff38d7351b53052fd7911f4b60cd7bc091ea3b1",
                "sha256:1f93f2fe211f1ef75e6f589327f4d4f8545d5c8e826231b042b483d8383e8a7c",
                "sha256:30d33a1a6400132e6f521640dd3f64578ac9bfb79a619416d7e8802b4ce1dd55",
                "sha256:328240f7dddf77783e72d5ed79899a6b48bc6681f8d1f6001f55933cb4905060",
                "sha256:46c2bcf8e1e75d154e78417b3e3c64e96def738c2a25435e74909e127a8cba5e",
                "sha256:5762ebb4436f46b566fc6351d67a9b5386b5e5de4e58fdaa18a1c83e0e20f1a8",
                "sha256:5a2d957eb4aba9d48170b8fe6538ec1fbc2119ffe6373782c03d8acad3323f2e",
                "sha256:5cf03b9534aca63b192856aa601c68d0764810857786ea5da652581f3a44c2b0",
                "sha256:5daba2b40782c1c5157a788ec4454067c6616f5a0c1b70e26ac326a880c2d328",
                "sha256:63cd413ac52ee3f67057223d363f4f82ce966e64906aea046daf46695e3c8238",
                "sha256:6efac40344d8f668b6c4533ae02a48d52fd852ef0654cc6f19f6ac146399c733",
                "sha256:71b01ee69e7df527439d7752a2ce8fb89e19a32df484a308eca3e81f673d3a03",
                "sha256:71f31ee4df3d5e0b366dd362007740106d3210fb6a56ec4b581a5324ba254f06",
                "sha256:72027ebf682abc9bafd93b43edc44279f641e8996fb2945104471419113cfc71",
                "sha256:74cd9aa648ed6dd25e572453eb09b08817a1e3d9f8d1bd4d8403d99e42ea790b",
                "sha256:81b3716cc9744ffdf76b39afb6247eae754186838cedad0b0ac63b2571253fe6",
                "sha256:8565355a29655b28fdc2c666fd9a3890fe5edc6639d128814fafecfae2d70910",
                "sha256:87f42c976f91ca2fc21a3293e25bd3cd895918597db1b95b93cbd949f7d019ce",
                "sha256:89e4c757a91b8c55d97c91fa09c69b3677c227b942fa749e9a66eef602f59c28",
                "sha256:8c4e32218c764bc27fe49b7328195579581aa419920edcc321c4cb877c65258d",
                "sha256:903293320efe2466c1ab3509a33d6b866dc850cfd0c5d9cc92632014cec185fb",
                "sha256:90882c6f084ef68b71bba190209a734bf90abb82ab5e8f64444c71d5974008c6",
                "sha256:98afcac3205d31ab6a10c5006b0cf040d0026a68ec051edd3517b776c1d78b09",
                "sha256:a01da2c266d9868c4f91a9c6faf47a251f23b9a862dce81d2ff583135206f5be",
                "sha256:aeab4cd016e11e7aa5cfc49dcff8e51561fa64818a0be86efa82c7038e9369d0",
                "sha256:b07c660e014852d98a00a91adfbe25033898a9d90a8f39beb2437d22a203fc44",
                "sha256:bead24c0ae3f1f6afcb915a057943ccf65fc755d11a1410a909c1fefb6c06ad1",
                "sha256:d1d6bca39bb6dd94fba23cdb3eeaea5e30c7717c5343004d900e2a63b132c341",
                "sha256:e2cd8ac157c1e5ae88b6dd790648ee5d2777e76f1e5c7d184eaddb2938594f34",
                "sha256:e5739ae63636a52b706a0facec77b2b58e485637e1638202556156e424a02dc2",
                "sha256:f36c3ff63d6fc509ce599a2f5b0d0732189eed653420e7294c039d342c6e204a",
                "sha256:f91b50ad88048d795c0ad004abbe1390aa1882073b1dca10bfd55d0b8cf18ec5"
            ],
            "version": "==8.1.2"
        },
        "pyavm": {
            "hashes": [
                "sha256:815efcca9bd8c2884799d8cfde537917decf7e6c6e57dd6dbf0e60b18799ee2f",
                "sha256:8f0354458a2df2826c302bf2fd8107b76b440ad4f89bc940787abe07cafcffab"
            ],
            "version": "==0.9.5"
        },
        "pycparser": {
            "hashes": [
                "sha256:2d475327684562c3a96cc71adf7dc8c4f0565175cf86b6d7a404ff4c771f15f0",
                "sha256:7582ad22678f0fcd81102833f60ef8d0e57288b6b5fb00323d101be910e35705"
            ],
            "version": "==2.20"
        },
        "pynacl": {
            "hashes": [
                "sha256:06cbb4d9b2c4bd3c8dc0d267416aaed79906e7b33f114ddbf0911969794b1cc4",
                "sha256:11335f09060af52c97137d4ac54285bcb7df0cef29014a1a4efe64ac065434c4",
                "sha256:2fe0fc5a2480361dcaf4e6e7cea00e078fcda07ba45f811b167e3f99e8cff574",
                "sha256:30f9b96db44e09b3304f9ea95079b1b7316b2b4f3744fe3aaecccd95d547063d",
                "sha256:4e10569f8cbed81cb7526ae137049759d2a8d57726d52c1a000a3ce366779634",
                "sha256:511d269ee845037b95c9781aa702f90ccc36036f95d0f31373a6a79bd8242e25",
                "sha256:537a7ccbea22905a0ab36ea58577b39d1fa9b1884869d173b5cf111f006f689f",
                "sha256:54e9a2c849c742006516ad56a88f5c74bf2ce92c9f67435187c3c5953b346505",
                "sha256:757250ddb3bff1eecd7e41e65f7f833a8405fede0194319f87899690624f2122",
                "sha256:7757ae33dae81c300487591c68790dfb5145c7d03324000433d9a2c141f82af7",
                "sha256:7c6092102219f59ff29788860ccb021e80fffd953920c4a8653889c029b2d420",
                "sha256:8122ba5f2a2169ca5da936b2e5a511740ffb73979381b4229d9188f6dcb22f1f",
                "sha256:9c4a7ea4fb81536c1b1f5cc44d54a296f96ae78c1ebd2311bd0b60be45a48d96",
                "sha256:c914f78da4953b33d4685e3cdc7ce63401247a21425c16a39760e282075ac4a6",
                "sha256:cd401ccbc2a249a47a3a1724c2918fcd04be1f7b54eb2a5a71ff915db0ac51c6",
                "sha256:d452a6746f0a7e11121e64625109bc4468fc3100452817001dbe018bb8b08514",
                "sha256:ea6841bc3a76fa4942ce00f3bda7d436fda21e2d91602b9e21b7ca9ecab8f3ff",
                "sha256:f8851ab9041756003119368c1e6cd0b9c631f46d686b3904b18c0139f4419f80"
            ],
            "version": "==1.4.0"
        },
        "pyparsing": {
            "hashes": [
                "sha256:c203ec8783bf771a155b207279b9bccb8dea02d8f0c9e5f8ead507bc3246ecc1",
                "sha256:ef9d7589ef3c200abe66653d3f1ab1033c3c419ae9b9bdb1240a85b024efc88b"
            ],
            "version": "==2.4.7"
        },
        "pyregion": {
            "hashes": [
                "sha256:a8ac5f764b53ec332f6bc43f6f2193ca13e8b7d5a3fb2e20ced6b2ea42a9d094"
            ],
            "version": "==2.0"
        },
        "python-dateutil": {
            "hashes": [
                "sha256:73ebfe9dbf22e832286dafa60473e4cd239f8592f699aa5adaf10050e6e1823c",
                "sha256:75bb3f31ea686f1197762692a9ee6a7550b59fc6ca3a1f4b5d7e32fb98e2da2a"
            ],
            "version": "==2.8.1"
        },
        "pytz": {
            "hashes": [
                "sha256:83a4a90894bf38e243cf052c8b58f381bfe9a7a483f6a9cab140bc7f702ac4da",
                "sha256:eb10ce3e7736052ed3623d49975ce333bcd712c7bb19a58b9e2089d4057d0798"
            ],
            "version": "==2021.1"
        },
        "pywavelets": {
            "hashes": [
                "sha256:076ca8907001fdfe4205484f719d12b4a0262dfe6652fa1cfc3c5c362d14dc84",
                "sha256:18a51b3f9416a2ae6e9a35c4af32cf520dd7895f2b69714f4aa2f4342fca47f9",
                "sha256:1a64b40f6acb4ffbaccce0545d7fc641744f95351f62e4c6aaa40549326008c9",
                "sha256:2b634a54241c190ee989a4af87669d377b37c91bcc9cf0efe33c10ff847f7841",
                "sha256:2f7429eeb5bf9c7068002d0d7f094ed654c77a70ce5e6198737fd68ab85f8311",
                "sha256:35959c041ec014648575085a97b498eafbbaa824f86f6e4a59bfdef8a3fe6308",
                "sha256:39c74740718e420d38c78ca4498568fa57976d78d5096277358e0fa9629a7aea",
                "sha256:411e17ca6ed8cf5e18a7ca5ee06a91c25800cc6c58c77986202abf98d749273a",
                "sha256:55e39ec848ceec13c9fa1598253ae9dd5c31d09dfd48059462860d2b908fb224",
                "sha256:6162dc0ae04669ea04b4b51420777b9ea2d30b0a9d02901b2a3b4d61d159c2e9",
                "sha256:68b5c33741d26c827074b3d8f0251de1c3019bb9567b8d303eb093c822ce28f1",
                "sha256:6bc78fb9c42a716309b4ace56f51965d8b5662c3ba19d4591749f31773db1125",
                "sha256:6ebfefebb5c6494a3af41ad8c60248a95da267a24b79ed143723d4502b1fe4d7",
                "sha256:720dbcdd3d91c6dfead79c80bf8b00a1d8aa4e5d551dc528c6d5151e4efc3403",
                "sha256:732bab78435c48be5d6bc75486ef629d7c8f112e07b313bf1f1a2220ab437277",
                "sha256:7947e51ca05489b85928af52a34fe67022ab5b81d4ae32a4109a99e883a0635e",
                "sha256:79f5b54f9dc353e5ee47f0c3f02bebd2c899d49780633aa771fed43fa20b3149",
                "sha256:80b924edbc012ded8aa8b91cb2fd6207fb1a9a3a377beb4049b8a07445cec6f0",
                "sha256:83c5e3eb78ce111c2f0b45f46106cc697c3cb6c4e5f51308e1f81b512c70c8fb",
                "sha256:889d4c5c5205a9c90118c1980df526857929841df33e4cd1ff1eff77c6817a65",
                "sha256:935ff247b8b78bdf77647fee962b1cc208c51a7b229db30b9ba5f6da3e675178",
                "sha256:98b2669c5af842a70cfab33a7043fcb5e7535a690a00cd251b44c9be0be418e5",
                "sha256:9e2528823ccf5a0a1d23262dfefe5034dce89cd84e4e124dc553dfcdf63ebb92",
                "sha256:bc5e87b72371da87c9bebc68e54882aada9c3114e640de180f62d5da95749cd3",
                "sha256:be105382961745f88d8196bba5a69ee2c4455d87ad2a2e5d1eed6bd7fda4d3fd",
                "sha256:c06d2e340c7bf8b9ec71da2284beab8519a3908eab031f4ea126e8ccfc3fd567",
                "sha256:c2a799e79cee81a862216c47e5623c97b95f1abee8dd1f9eed736df23fb653fb",
                "sha256:cfe79844526dd92e3ecc9490b5031fca5f8ab607e1e858feba232b1b788ff0ea",
                "sha256:d510aef84d9852653d079c84f2f81a82d5d09815e625f35c95714e7364570ad4",
                "sha256:e02a0558e0c2ac8b8bbe6a6ac18c136767ec56b96a321e0dfde2173adfa5a504"
            ],
            "version": "==1.1.1"
        },
        "reproject": {
            "hashes": [
                "sha256:0708190078fec205bf7aada2a68889f5913f2591a38c993c0526bebb89eee4f8",
                "sha256:0fd32ac3de80bcd48f78f6c20d6bee751fdaa464e848f3729a7f6d5a42f4f455",
                "sha256:3969609bbcea470ffe4c6a6cf181b8dbb7d9b95635ca56723be5afdb3c8f8558",
                "sha256:3d995fb0665058b3cd5fef7c6982b488c52597051cefb2e03ead03a285c271bd",
                "sha256:3f0b0ebb5101f38ef362e94241d516faa32e3e20914b422abf3dd13925122367",
                "sha256:43be209b76d7852d3d231ed95994a2af3673325c50fb9a4155e6502f5dc7684e",
                "sha256:58224aaeafdc8b2843f42f615d735e9a23c7a8e1020c0f4ee03ecf220f2a862f",
                "sha256:6470e7c7f3788b2e7f3c622c811a89c905b6f19bea58e935e19570ee75c240c8",
                "sha256:66ae53077f60bec5d6bee63a82ec2631f9a331f4060ed2ef421cf37a8ad01580",
                "sha256:6e3aeb46b04f81fe9b4b046ba29a2718dba9b81604ae4f3c5b0e8a1895b24465",
                "sha256:6f27f7d5f9bbbc01800a6bccc649168a6ab2d38fba89c60ee915e1e1ce301a02",
                "sha256:80f11e3c8dc2495c163dece5607ddf06e10953a89eb0a27511d73cf5bc88ab18",
                "sha256:81bd89673b959fac9e207fd82a6df26c3540169a6b7e6b37603ea5714781e42b",
                "sha256:8b48399c805f5886ad25bb712e57a99c69ead76b69d744c9e1937760df11f317",
                "sha256:95c0fa49e6b4e36455b91fa09ad1b71b230c990ad91d948af67ea3509a1a4ccb",
                "sha256:b32e4894c357b63643bebb1bfa3af002eb8e24552710e7bcd2b2c04bd5700007",
                "sha256:ca67401eeadb2f20744235d15c450372f454ee8f3fe56cce7efae13d1b9a62d7",
                "sha256:d552d05d6a2fdd00213027c5f820493c7ed55149ca1ff2e95d06e6321ace50c9",
                "sha256:def9d0b104df78e6dac24cb33250bb13c896fc8722b4b1186594094b195b4740",
                "sha256:e156070cd58eb075f73d7d6944ac171a47516c3e663a9f1922d9b173ed0715be",
                "sha256:ec4071b686a6003c72cca36e93ba5c8705158b51650dccc7d78e5a8329f9ca77",
                "sha256:f3da7679abaf4c575dbcf6e487ece717ea6d0e6c9b1cd8f1ed6d13c039fee70f"
            ],
            "version": "==0.7.1"
        },
        "requests": {
            "hashes": [
                "sha256:b3559a131db72c33ee969480840fff4bb6dd111de7dd27c8ee1f820f4f00231b",
                "sha256:fe75cc94a9443b9246fc7049224f75604b113c36acb93f87b80ed42c44cbb898"
            ],
            "index": "pypi",
            "version": "==2.24.0"
        },
        "scikit-image": {
            "hashes": [
                "sha256:1256017c513e8e1b8b9da73e5fd1e605d0077bbbc8e5c8d6c2cab36400131c6c",
                "sha256:1cd05c882ffb2a271a1f20b4afe937d63d55b8753c3d652f11495883a7800ebe",
                "sha256:23f9178b21c752bfb4e4ea3a3fa0ff79bc5a401bc75ddb4661f2cebd1c2b0e24",
                "sha256:2c058770c6ad6e0fe6c30f59970c9c65fa740ff014d121d8c341664cd792cf49",
                "sha256:2eea42706a25ae6e0cebaf1914e2ab1c04061b1f3c9966d76025d58a2e9188fc",
                "sha256:30447af3f5b7c9491f2d3db5bc275493d1b91bf1dd16b67e2fd79a6bb95d8ee9",
                "sha256:3515b890e771f99bbe1051a0dcfe0fc477da961da933c34f89808a0f1eeb7dc2",
                "sha256:5f602779258807d03e72c0a439cfb221f647e628be166fb3594397435f13c76b",
                "sha256:76446e2402e64d7dba78eeae8aa86e92a0cafe5b1c9e6235bd8d067471ed2788",
                "sha256:ae6659b3a8bd4bba7e9dcbfd0064e443b32c7054bf09174749db896730fcf42e",
                "sha256:c700336a7f96109c74154090c5e693693a8e3fa09ed6156a5996cdc9a3bb1534",
                "sha256:d5ad4a9b4c9797d4c4c48f45fa224c5ebff22b9b0af636c3ecb8addbb66c21e6",
                "sha256:d746540cafe7776c6d05a0b40ec744bb8d33d1ddc51faba601d26c02593d8bcc",
                "sha256:e972c628ad9ba52c298b032368e29af9bd5eeb81ce33bc2d9b039a81661c99c5",
                "sha256:ec25e4110951d3a280421bb10dd510a082ba83d86e20d706294faf7899cdb3d5",
                "sha256:fbb618ca911867bce45574c1639618cdfb5d94e207432b19bc19563d80d2f171"
            ],
            "version": "==0.18.1"
        },
        "scipy": {
            "hashes": [
                "sha256:0c8a51d33556bf70367452d4d601d1742c0e806cd0194785914daf19775f0e67",
                "sha256:0e5b0ccf63155d90da576edd2768b66fb276446c371b73841e3503be1d63fb5d",
                "sha256:2481efbb3740977e3c831edfd0bd9867be26387cacf24eb5e366a6a374d3d00d",
                "sha256:33d6b7df40d197bdd3049d64e8e680227151673465e5d85723b3b8f6b15a6ced",
                "sha256:5da5471aed911fe7e52b86bf9ea32fb55ae93e2f0fac66c32e58897cfb02fa07",
                "sha256:5f331eeed0297232d2e6eea51b54e8278ed8bb10b099f69c44e2558c090d06bf",
                "sha256:5fa9c6530b1661f1370bcd332a1e62ca7881785cc0f80c0d559b636567fab63c",
                "sha256:6725e3fbb47da428794f243864f2297462e9ee448297c93ed1dcbc44335feb78",
                "sha256:68cb4c424112cd4be886b4d979c5497fba190714085f46b8ae67a5e4416c32b4",
                "sha256:794e768cc5f779736593046c9714e0f3a5940bc6dcc1dba885ad64cbfb28e9f0",
                "sha256:83bf7c16245c15bc58ee76c5418e46ea1811edcc2e2b03041b804e46084ab627",
                "sha256:8e403a337749ed40af60e537cc4d4c03febddcc56cd26e774c9b1b600a70d3e4",
                "sha256:a15a1f3fc0abff33e792d6049161b7795909b40b97c6cc2934ed54384017ab76",
                "sha256:a423533c55fec61456dedee7b6ee7dce0bb6bfa395424ea374d25afa262be261",
                "sha256:a5193a098ae9f29af283dcf0041f762601faf2e595c0db1da929875b7570353f",
                "sha256:bd50daf727f7c195e26f27467c85ce653d41df4358a25b32434a50d8870fc519",
                "sha256:c4fceb864890b6168e79b0e714c585dbe2fd4222768ee90bc1aa0f8218691b11",
                "sha256:e79570979ccdc3d165456dd62041d9556fb9733b86b4b6d818af7a0afc15f092",
                "sha256:f46dd15335e8a320b0fb4685f58b7471702234cba8bb3442b69a3e1dc329c345"
            ],
            "version": "==1.6.1"
        },
        "shapely": {
            "hashes": [
                "sha256:052eb5b9ba756808a7825e8a8020fb146ec489dd5c919e7d139014775411e688",
                "sha256:1641724c1055459a7e2b8bbe47ba25bdc89554582e62aec23cb3f3ca25f9b129",
                "sha256:17df66e87d0fe0193910aeaa938c99f0b04f67b430edb8adae01e7be557b141b",
                "sha256:182716ffb500d114b5d1b75d7fd9d14b7d3414cef3c38c0490534cc9ce20981a",
                "sha256:2df5260d0f2983309776cb41bfa85c464ec07018d88c0ecfca23d40bfadae2f1",
                "sha256:35be1c5d869966569d3dfd4ec31832d7c780e9df760e1fe52131105685941891",
                "sha256:46da0ea527da9cf9503e66c18bab6981c5556859e518fe71578b47126e54ca93",
                "sha256:4c10f317e379cc404f8fc510cd9982d5d3e7ba13a9cfd39aa251d894c6366798",
                "sha256:4f3c59f6dbf86a9fc293546de492f5e07344e045f9333f3a753f2dda903c45d1",
                "sha256:60e5b2282619249dbe8dc5266d781cc7d7fb1b27fa49f8241f2167672ad26719",
                "sha256:617bf046a6861d7c6b44d2d9cb9e2311548638e684c2cd071d8945f24a926263",
                "sha256:6593026cd3f5daaea12bcc51ae5c979318070fefee210e7990cb8ac2364e79a1",
                "sha256:6871acba8fbe744efa4f9f34e726d070bfbf9bffb356a8f6d64557846324232b",
                "sha256:791477edb422692e7dc351c5ed6530eb0e949a31b45569946619a0d9cd5f53cb",
                "sha256:8e7659dd994792a0aad8fb80439f59055a21163e236faf2f9823beb63a380e19",
                "sha256:8f15b6ce67dcc05b61f19c689b60f3fe58550ba994290ff8332f711f5aaa9840",
                "sha256:90a3e2ae0d6d7d50ff2370ba168fbd416a53e7d8448410758c5d6a5920646c1d",
                "sha256:a3774516c8a83abfd1ddffb8b6ec1b0935d7fe6ea0ff5c31a18bfdae567b4eba",
                "sha256:a5c3a50d823c192f32615a2a6920e8c046b09e07a58eba220407335a9cd2e8ea",
                "sha256:b40cc7bb089ae4aa9ddba1db900b4cd1bce3925d2a4b5837b639e49de054784f",
                "sha256:da38ed3d65b8091447dc3717e5218cc336d20303b77b0634b261bc5c1aa2bae8",
                "sha256:de618e67b64a51a0768d26a9963ecd7d338a2cf6e9e7582d2385f88ad005b3d1",
                "sha256:e3afccf0437edc108eef1e2bb9cc4c7073e7705924eb4cd0bf7715cd1ef0ce1b"
            ],
            "version": "==1.7.1"
        },
        "six": {
            "hashes": [
                "sha256:30639c035cdb23534cd4aa2dd52c3bf48f06e5f4a941509c8bafd8ce11080259",
                "sha256:8b74bedcbbbaca38ff6d7491d76f2b06b3592611af620f8426e82dddb04a5ced"
            ],
            "version": "==1.15.0"
        },
        "sqlparse": {
            "hashes": [
                "sha256:017cde379adbd6a1f15a61873f43e8274179378e95ef3fede90b5aa64d304ed0",
                "sha256:0f91fd2e829c44362cbcfab3e9ae12e22badaa8a29ad5ff599f9ec109f0454e8"
            ],
            "version": "==0.4.1"
        },
        "tifffile": {
            "hashes": [
                "sha256:1b72c92ecd2273e52686c0f8792d1d1c4da4109b241dd1723dfe56ef4d1ad612",
                "sha256:f6092aba910ed52b6087877c9a2f604ba67623a8703fa8079929b62992dcc69c"
            ],
            "version": "==2021.3.17"
        },
        "uc2-lofar-pipeline": {
            "git": "https://github.com/process-project/UC2_pipeline.git",
            "ref": "3acdc3f0b2d9813c4ade270648b53effbd457313"
        },
        "urllib3": {
            "hashes": [
                "sha256:8d7eaa5a82a1cac232164990f04874c594c9453ec55eef02eab885aa02fc17a2",
                "sha256:f5321fbe4bf3fefa0efd0bfe7fb14e90909eb62a48ccda331726b4319897dd5e"
            ],
            "version": "==1.25.11"
        },
        "webdavclient3": {
            "hashes": [
                "sha256:6072f9a583059f8ff313f8544d415b4191fc89bdf6230259b0527b706ab1837b"
            ],
            "index": "pypi",
            "version": "==3.14.5"
        }
    },
    "develop": {}
}
