{
    "_meta": {
        "hash": {
            "sha256": "cd080c22b0264fd62f1bd3d9bf8fd9c35079adaea8c82ece34a2b911fbab70cf"
        },
        "pipfile-spec": 6,
        "requires": {
            "python_version": "3.7"
        },
        "sources": [
            {
                "name": "pypi",
                "url": "https://pypi.org/simple",
                "verify_ssl": true
            }
        ]
    },
    "default": {
        "aplpy": {
            "hashes": [
                "sha256:239f3d83635ca4251536aeb577df7c60df77fc4d658097b92094719739aec3f3",
                "sha256:79ff76ef5ab10473e3c2ce56d5a5aeea9e69abefa535ce91da14cbfa7072acab"
            ],
            "index": "pypi",
            "version": "==2.0.3"
        },
        "asgiref": {
            "hashes": [
                "sha256:8036f90603c54e93521e5777b2b9a39ba1bad05773fcf2d208f0299d1df58ce5",
                "sha256:9ca8b952a0a9afa61d30aa6d3d9b570bb3fd6bafcf7ec9e6bed43b936133db1c"
            ],
            "version": "==3.2.7"
        },
        "astropy": {
            "hashes": [
                "sha256:14a2f070824b9c3d0b8e9168e8aa6ea9a10e2d005e5a41a3245a38cc9679190d",
                "sha256:46dfec9d03d30727ad931abfd94c51b52334b021be19de96bdb047aa890dfcc0",
                "sha256:5c304a6c1845ca426e7bc319412b0363fccb4928cb4ba59298acd1918eec44b5",
                "sha256:606029383730b7ebf8870664efb34391e546e1f247324b07f5aae0e518acdc95",
                "sha256:6ccacc159391cc39069a705aa25e39ad7494573162d8938d288515b7d22bd212",
                "sha256:755077baecfbe2122ff56c1a0d61e905cc3ef43105ef0167968eb4ce3f4469b4",
                "sha256:7a1f5146cccdcf89070c829012ae2f8ef4f64385fbeafd80cde91708dba32132",
                "sha256:86ccbf614d63440680196c1251cb77abf3df393176aec4f441959d43f28f617d",
                "sha256:878ee573d30566d1282c8891a7c1ddf446b3502f30b925b13d6ed2c847b28653",
                "sha256:9bc66cdfff353563a0f8d56da53d2d3c7dcb6d96930b48ad1146f1c5c9dc3c00",
                "sha256:ac33edfbe484a6a1a4cda6a918218853e19899ce75488356a8186115fc37c70e",
                "sha256:b5007f16202cbebf509920cebaa7312ca3953fd9b201688db934a218d2f4ceea",
                "sha256:c0a92f0bab6440b39c89c21e7f667cf1437281ae59cc28f5d2ec48fd04d343e6",
                "sha256:d8a8db0b69256b357ae5544bc31c4f21fad1f067d2cc3e9936c646dea5b7d908",
                "sha256:e145c050408d911c104b2eab0c40a66853703346e18505d75240c383a34ec56a"
            ],
            "version": "==4.0.1.post1"
        },
        "astropy-healpix": {
            "hashes": [
                "sha256:0981f1e11ee7baf7136b55b206e52121088c33b79b50770bad8e7264221eb88f",
                "sha256:11712962c9915d75fe7fdc17dfef03a8107035fbac4229b40c4f61083b664a64",
                "sha256:2ee9e4d08a25219ab362896155f7fa2bec888c5f019650e5125a22dbe96c6d4a",
                "sha256:361b484eec8f3589624ffe7d34d92e96b8771f112586f02174cdf71c3f0ec48c",
                "sha256:3e1783edf1d48b1dc388b07892b4b54cd5ae6a248bac7024f31a470510344bef",
                "sha256:4e8103cf720b4430b82e472d7ae5b3500f751aa0a600f864e5e07f8aed59e798",
                "sha256:4e8cc9d492c1706862133cc81cb1994c3386f2e3b2be31a8da05d998059c57d4",
                "sha256:5ae15da796a840f221fb83e25de791e827b6921bc21a365d99bc1a59c7c0cdad",
                "sha256:730d32a08ced14a35646a973f09d87400e72d7e96a97d9a94f15d982243cf0f5",
                "sha256:75e190d3f44ff4f0c57a9797241a66413fc550c34d4ea1c4e367d2b18664f134",
                "sha256:8026aed4fa8d253e899864a8afefd2aee7a65565bd3aa380943d6f5f089030ce",
                "sha256:831c2c317a504d65cd66137a1da775fd6eafd473feac065710847c9121905bc3",
                "sha256:868226d3377096b013fa2b83a4a8badfa69dc4d7b2e31601aad47fc0621c6a2d",
                "sha256:8e2bfa0a4e3c6d7c3128e9b6f737a281271fcd43528fafa9e1249b68a42d830c",
                "sha256:9c992fa564e7e636d0f9db5dc869dcb0d63e67e5e2efa4643792f3eaa24dd9da",
                "sha256:aa3e4be0272007cf97d7b000ff0d039204af4334807a6fdf7d3f1e49aff4208e",
                "sha256:b1e3858d6c1e033be471c210dfe6817c8764a4b9793cee9fab280c80d6fc2fa5",
                "sha256:b3940b7b05f11defdf86db508cc97460f2bf81844fd7ea6a494007ebb5611074",
                "sha256:ca9deaea12eb89e7a30f6025273bad1bd8454946b56761b491c2c6d2b7f6892c",
                "sha256:caa6daec0f5341d082f5df9ae0cb0253569f9e617bc2e60df54a739242f7beb6",
                "sha256:e87f45af199ac7885850bfb0e2fbfff5402b5028270cfe0f5781c05cbbcfb021",
                "sha256:ebbec978dac28827628c7b5fa998f97f0881cc1f0d88157adf8ee88b0aa6aaaa"
            ],
            "version": "==0.5"
        },
        "bcrypt": {
            "hashes": [
                "sha256:0258f143f3de96b7c14f762c770f5fc56ccd72f8a1857a451c1cd9a655d9ac89",
                "sha256:0b0069c752ec14172c5f78208f1863d7ad6755a6fae6fe76ec2c80d13be41e42",
                "sha256:19a4b72a6ae5bb467fea018b825f0a7d917789bcfe893e53f15c92805d187294",
                "sha256:5432dd7b34107ae8ed6c10a71b4397f1c853bd39a4d6ffa7e35f40584cffd161",
                "sha256:6305557019906466fc42dbc53b46da004e72fd7a551c044a827e572c82191752",
                "sha256:69361315039878c0680be456640f8705d76cb4a3a3fe1e057e0f261b74be4b31",
                "sha256:6fe49a60b25b584e2f4ef175b29d3a83ba63b3a4df1b4c0605b826668d1b6be5",
                "sha256:74a015102e877d0ccd02cdeaa18b32aa7273746914a6c5d0456dd442cb65b99c",
                "sha256:763669a367869786bb4c8fcf731f4175775a5b43f070f50f46f0b59da45375d0",
                "sha256:8b10acde4e1919d6015e1df86d4c217d3b5b01bb7744c36113ea43d529e1c3de",
                "sha256:9fe92406c857409b70a38729dbdf6578caf9228de0aef5bc44f859ffe971a39e",
                "sha256:a190f2a5dbbdbff4b74e3103cef44344bc30e61255beb27310e2aec407766052",
                "sha256:a595c12c618119255c90deb4b046e1ca3bcfad64667c43d1166f2b04bc72db09",
                "sha256:c9457fa5c121e94a58d6505cadca8bed1c64444b83b3204928a866ca2e599105",
                "sha256:cb93f6b2ab0f6853550b74e051d297c27a638719753eb9ff66d1e4072be67133",
                "sha256:ce4e4f0deb51d38b1611a27f330426154f2980e66582dc5f438aad38b5f24fc1",
                "sha256:d7bdc26475679dd073ba0ed2766445bb5b20ca4793ca0db32b399dccc6bc84b7",
                "sha256:ff032765bb8716d9387fd5376d987a937254b0619eff0972779515b5c98820bc"
            ],
            "version": "==3.1.7"
        },
        "certifi": {
            "hashes": [
                "sha256:1d987a998c75633c40847cc966fcf5904906c920a7f17ef374f5aa4282abd304",
                "sha256:51fcb31174be6e6664c5f69e3e1691a2d72a1a12e90f872cbdb1567eb47b6519"
            ],
            "version": "==2020.4.5.1"
        },
        "cffi": {
            "hashes": [
                "sha256:001bf3242a1bb04d985d63e138230802c6c8d4db3668fb545fb5005ddf5bb5ff",
                "sha256:00789914be39dffba161cfc5be31b55775de5ba2235fe49aa28c148236c4e06b",
                "sha256:028a579fc9aed3af38f4892bdcc7390508adabc30c6af4a6e4f611b0c680e6ac",
                "sha256:14491a910663bf9f13ddf2bc8f60562d6bc5315c1f09c704937ef17293fb85b0",
                "sha256:1cae98a7054b5c9391eb3249b86e0e99ab1e02bb0cc0575da191aedadbdf4384",
                "sha256:2089ed025da3919d2e75a4d963d008330c96751127dd6f73c8dc0c65041b4c26",
                "sha256:2d384f4a127a15ba701207f7639d94106693b6cd64173d6c8988e2c25f3ac2b6",
                "sha256:337d448e5a725bba2d8293c48d9353fc68d0e9e4088d62a9571def317797522b",
                "sha256:399aed636c7d3749bbed55bc907c3288cb43c65c4389964ad5ff849b6370603e",
                "sha256:3b911c2dbd4f423b4c4fcca138cadde747abdb20d196c4a48708b8a2d32b16dd",
                "sha256:3d311bcc4a41408cf5854f06ef2c5cab88f9fded37a3b95936c9879c1640d4c2",
                "sha256:62ae9af2d069ea2698bf536dcfe1e4eed9090211dbaafeeedf5cb6c41b352f66",
                "sha256:66e41db66b47d0d8672d8ed2708ba91b2f2524ece3dee48b5dfb36be8c2f21dc",
                "sha256:675686925a9fb403edba0114db74e741d8181683dcf216be697d208857e04ca8",
                "sha256:7e63cbcf2429a8dbfe48dcc2322d5f2220b77b2e17b7ba023d6166d84655da55",
                "sha256:8a6c688fefb4e1cd56feb6c511984a6c4f7ec7d2a1ff31a10254f3c817054ae4",
                "sha256:8c0ffc886aea5df6a1762d0019e9cb05f825d0eec1f520c51be9d198701daee5",
                "sha256:95cd16d3dee553f882540c1ffe331d085c9e629499ceadfbda4d4fde635f4b7d",
                "sha256:99f748a7e71ff382613b4e1acc0ac83bf7ad167fb3802e35e90d9763daba4d78",
                "sha256:b8c78301cefcf5fd914aad35d3c04c2b21ce8629b5e4f4e45ae6812e461910fa",
                "sha256:c420917b188a5582a56d8b93bdd8e0f6eca08c84ff623a4c16e809152cd35793",
                "sha256:c43866529f2f06fe0edc6246eb4faa34f03fe88b64a0a9a942561c8e22f4b71f",
                "sha256:cab50b8c2250b46fe738c77dbd25ce017d5e6fb35d3407606e7a4180656a5a6a",
                "sha256:cef128cb4d5e0b3493f058f10ce32365972c554572ff821e175dbc6f8ff6924f",
                "sha256:cf16e3cf6c0a5fdd9bc10c21687e19d29ad1fe863372b5543deaec1039581a30",
                "sha256:e56c744aa6ff427a607763346e4170629caf7e48ead6921745986db3692f987f",
                "sha256:e577934fc5f8779c554639376beeaa5657d54349096ef24abe8c74c5d9c117c3",
                "sha256:f2b0fa0c01d8a0c7483afd9f31d7ecf2d71760ca24499c8697aeb5ca37dc090c"
            ],
            "version": "==1.14.0"
        },
        "chardet": {
            "hashes": [
                "sha256:84ab92ed1c4d4f16916e05906b6b75a6c0fb5db821cc65e70cbd64a3e2a5eaae",
                "sha256:fc323ffcaeaed0e0a02bf4d117757b98aed530d9ed4531e3e15460124c106691"
            ],
            "version": "==3.0.4"
        },
        "couchdb": {
            "hashes": [
                "sha256:1386a1a43f25bed3667e3b805222054940d674fa1967fa48e9d2012a18630ab7",
                "sha256:13a28a1159c49f8346732e8724b9a4d65cba54bec017c4a7eeb1499fe88151d1"
            ],
            "index": "pypi",
            "version": "==1.2"
        },
        "cryptography": {
            "hashes": [
                "sha256:0cacd3ef5c604b8e5f59bf2582c076c98a37fe206b31430d0cd08138aff0986e",
                "sha256:192ca04a36852a994ef21df13cca4d822adbbdc9d5009c0f96f1d2929e375d4f",
                "sha256:19ae795137682a9778892fb4390c07811828b173741bce91e30f899424b3934d",
                "sha256:1b9b535d6b55936a79dbe4990b64bb16048f48747c76c29713fea8c50eca2acf",
                "sha256:2a2ad24d43398d89f92209289f15265107928f22a8d10385f70def7a698d6a02",
                "sha256:3be7a5722d5bfe69894d3f7bbed15547b17619f3a88a318aab2e37f457524164",
                "sha256:49870684da168b90110bbaf86140d4681032c5e6a2461adc7afdd93be5634216",
                "sha256:587f98ce27ac4547177a0c6fe0986b8736058daffe9160dcf5f1bd411b7fbaa1",
                "sha256:5aca6f00b2f42546b9bdf11a69f248d1881212ce5b9e2618b04935b87f6f82a1",
                "sha256:6b744039b55988519cc183149cceb573189b3e46e16ccf6f8c46798bb767c9dc",
                "sha256:6b91cab3841b4c7cb70e4db1697c69f036c8bc0a253edc0baa6783154f1301e4",
                "sha256:7598974f6879a338c785c513e7c5a4329fbc58b9f6b9a6305035fca5b1076552",
                "sha256:7a279f33a081d436e90e91d1a7c338553c04e464de1c9302311a5e7e4b746088",
                "sha256:95e1296e0157361fe2f5f0ed307fd31f94b0ca13372e3673fa95095a627636a1",
                "sha256:9fc9da390e98cb6975eadf251b6e5fa088820141061bf041cd5c72deba1dc526",
                "sha256:cc20316e3f5a6b582fc3b029d8dc03aabeb645acfcb7fc1d9848841a33265748",
                "sha256:d1bf5a1a0d60c7f9a78e448adcb99aa101f3f9588b16708044638881be15d6bc",
                "sha256:ed1d0760c7e46436ec90834d6f10477ff09475c692ed1695329d324b2c5cd547",
                "sha256:ef9a55013676907df6c9d7dd943eb1770d014f68beaa7e73250fb43c759f4585"
            ],
            "version": "==2.9"
        },
        "cycler": {
            "hashes": [
                "sha256:1d8a5ae1ff6c5cf9b93e8811e581232ad8920aeec647c37316ceac982b08cb2d",
                "sha256:cd7b2d1018258d7247a71425e9f26463dfb444d411c39569972f4ce586b0c9d8"
            ],
            "version": "==0.10.0"
        },
        "cython": {
            "hashes": [
                "sha256:0542a6c4ff1be839b6479deffdbdff1a330697d7953dd63b6de99c078e3acd5f",
                "sha256:0bcf7f87aa0ba8b62d4f3b6e0146e48779eaa4f39f92092d7ff90081ef6133e0",
                "sha256:13408a5e5574b322153a23f23eb9e69306d4d8216428b435b75fdab9538ad169",
                "sha256:1846a8f4366fb4041d34cd37c2d022421ab1a28bcf79ffa6cf33a45b5acba9af",
                "sha256:1d32d0965c2fc1476af9c367e396c3ecc294d4bde2cfde6f1704e8787e3f0e1f",
                "sha256:21d6abd25e0fcfa96edf164831f53ca20deb64221eb3b7d6d1c4d582f4c54c84",
                "sha256:232755284f942cbb3b43a06cd85974ef3c970a021aef19b5243c03ee2b08fa05",
                "sha256:245e69a1f367c89e3c8a1c2699bd20ab67b3d57053f3c71f0623d36def074308",
                "sha256:3a274c63a3575ae9d6cde5a31c2f5cb18d0a34d9bded96433ceb86d11dc0806d",
                "sha256:3b400efb38d6092d2ee7f6d9835dd6dc4f99e804abf97652a5839ff9b1910f25",
                "sha256:4ab2054325a7856ed0df881b8ffdadae05b29cf3549635f741c18ce2c860f51b",
                "sha256:4b5efb5bff2a1ed0c23dd131223566a0cc51c5266e70968082aed75b73f8c1e2",
                "sha256:54e7bf8a2a0c8536f4c42fc5ef54e6780153826279aef923317cf919671119f4",
                "sha256:59a0b01fc9376c2424eb3b09a0550f1cbd51681a59cee1e02c9d5c546c601679",
                "sha256:5ba06cf0cfc79686daedf9a7895cad4c993c453b86240fc54ecbe9b0c951504c",
                "sha256:66768684fdee5f9395e6ee2daa9f770b37455fcb22d31960843bd72996aaa84f",
                "sha256:772c13250aea33ac17eb042544b310f0dc3862bbde49b334f5c12f7d1b627476",
                "sha256:7d31c4b518b34b427b51e85c6827473b08f473df2fcba75969daad65ea2a5f6c",
                "sha256:961f11eb427161a8f5b35e74285a5ff6651eee710dbe092072af3e9337e26825",
                "sha256:96342c9f934bcce22eaef739e4fca9ce5cc5347df4673f4de8e5dce5fe158444",
                "sha256:a507d507b45af9657b050cea780e668cbcb9280eb94a5755c634a48760b1d035",
                "sha256:ad318b60d13767838e99cf93f3571849946eb960c54da86c000b97b2ffa60128",
                "sha256:b137bb2f6e079bd04e6b3ea15e9f9b9c97982ec0b1037d48972940577d3a57bb",
                "sha256:b3f95ba4d251400bfd38b0891128d9b6365a54f06bd4d58ba033ecb39d2788cc",
                "sha256:c0937ab8185d7f55bf7145dbfa3cc27a9d69916d4274690b18b9d1022ac54fd8",
                "sha256:c2c28d22bfea830c0cdbd0d7f373d4f51366893a18a5bbd4dd8deb1e6bdd08c2",
                "sha256:e074e2be68b4cb1d17b9c63d89ae0592742bdbc320466f342e1e1ea77ec83c40",
                "sha256:e9abcc8013354f0059c16af9c917d19341a41981bb74dcc44e060f8a88db9123",
                "sha256:eb757a4076e7bb1ca3e73fba4ec2b1c07ca0634200904f1df8f7f899c57b17af",
                "sha256:f4ecb562b5b6a2d80543ec36f7fbc7c1a4341bb837a5fc8bd3c352470508133c",
                "sha256:f516d11179627f95471cc0674afe8710d4dc5de764297db7f5bdb34bd92caff9",
                "sha256:fd6496b41eb529349d58f3f6a09a64cceb156c9720f79cebdf975ea4fafc05f0"
            ],
            "version": "==0.29.16"
        },
        "decorator": {
            "hashes": [
                "sha256:41fa54c2a0cc4ba648be4fd43cff00aedf5b9465c9bf18d64325bc225f08f760",
                "sha256:e3a62f0520172440ca0dcc823749319382e377f37f140a0b99ef45fecb84bfe7"
            ],
            "version": "==4.4.2"
        },
        "django": {
            "hashes": [
                "sha256:642d8eceab321ca743ae71e0f985ff8fdca59f07aab3a9fb362c617d23e33a76",
                "sha256:d4666c2edefa38c5ede0ec1655424c56dc47ceb04b6d8d62a7eac09db89545c1"
            ],
            "index": "pypi",
            "version": "==3.0.5"
        },
        "django-fontawesome-5": {
            "hashes": [
                "sha256:1be340e795a6a68ebd9ba5d75e26bd72a839515c351786ff45e16b90bf50c3a0",
                "sha256:4fc4a7f5d0fe6e10d542ac9f1c143ad5e92aa61c6f310ea297c3c26bfc6001dd"
            ],
            "index": "pypi",
            "version": "==1.0.18"
        },
        "djangorestframework": {
            "hashes": [
                "sha256:05809fc66e1c997fd9a32ea5730d9f4ba28b109b9da71fccfa5ff241201fd0a4",
                "sha256:e782087823c47a26826ee5b6fa0c542968219263fb3976ec3c31edab23a4001f"
            ],
            "index": "pypi",
            "version": "==3.11.0"
        },
        "fabric": {
            "hashes": [
                "sha256:160331934ea60036604928e792fa8e9f813266b098ef5562aa82b88527740389",
                "sha256:24842d7d51556adcabd885ac3cf5e1df73fc622a1708bf3667bf5927576cdfa6"
            ],
            "index": "pypi",
            "version": "==2.5.0"
        },
        "idna": {
            "hashes": [
                "sha256:7588d1c14ae4c77d74036e8c22ff447b26d0fde8f007354fd48a7814db15b7cb",
                "sha256:a068a21ceac8a4d63dbfd964670474107f541babbd2250d61922f029858365fa"
            ],
            "version": "==2.9"
        },
        "imageio": {
            "hashes": [
                "sha256:1e4ab29b3775bb093c7a35854a0412857145450183344678829b30e72263b001",
                "sha256:fb5fd6d3d17126bbaac9af29fe340e2c97a196eb9416d4f28c0e543744a152cf"
            ],
            "version": "==2.8.0"
        },
        "invoke": {
            "hashes": [
                "sha256:87b3ef9d72a1667e104f89b159eaf8a514dbf2f3576885b2bbdefe74c3fb2132",
                "sha256:93e12876d88130c8e0d7fd6618dd5387d6b36da55ad541481dfa5e001656f134",
                "sha256:de3f23bfe669e3db1085789fd859eb8ca8e0c5d9c20811e2407fa042e8a5e15d"
            ],
            "version": "==1.4.1"
        },
        "jsonfield": {
            "hashes": [
                "sha256:7e4e84597de21eeaeeaaa7cc5da08c61c48a9b64d0c446b2d71255d01812887a",
                "sha256:df857811587f252b97bafba42e02805e70a398a7a47870bc6358a0308dd689ed"
            ],
            "index": "pypi",
            "version": "==3.1.0"
        },
        "kiwisolver": {
            "hashes": [
                "sha256:03662cbd3e6729f341a97dd2690b271e51a67a68322affab12a5b011344b973c",
                "sha256:18d749f3e56c0480dccd1714230da0f328e6e4accf188dd4e6884bdd06bf02dd",
                "sha256:247800260cd38160c362d211dcaf4ed0f7816afb5efe56544748b21d6ad6d17f",
                "sha256:443c2320520eda0a5b930b2725b26f6175ca4453c61f739fef7a5847bd262f74",
                "sha256:4eadb361baf3069f278b055e3bb53fa189cea2fd02cb2c353b7a99ebb4477ef1",
                "sha256:556da0a5f60f6486ec4969abbc1dd83cf9b5c2deadc8288508e55c0f5f87d29c",
                "sha256:603162139684ee56bcd57acc74035fceed7dd8d732f38c0959c8bd157f913fec",
                "sha256:60a78858580761fe611d22127868f3dc9f98871e6fdf0a15cc4203ed9ba6179b",
                "sha256:7cc095a4661bdd8a5742aaf7c10ea9fac142d76ff1770a0f84394038126d8fc7",
                "sha256:c31bc3c8e903d60a1ea31a754c72559398d91b5929fcb329b1c3a3d3f6e72113",
                "sha256:c955791d80e464da3b471ab41eb65cf5a40c15ce9b001fdc5bbc241170de58ec",
                "sha256:d069ef4b20b1e6b19f790d00097a5d5d2c50871b66d10075dab78938dc2ee2cf",
                "sha256:d52b989dc23cdaa92582ceb4af8d5bcc94d74b2c3e64cd6785558ec6a879793e",
                "sha256:e586b28354d7b6584d8973656a7954b1c69c93f708c0c07b77884f91640b7657",
                "sha256:efcf3397ae1e3c3a4a0a0636542bcad5adad3b1dd3e8e629d0b6e201347176c8",
                "sha256:fccefc0d36a38c57b7bd233a9b485e2f1eb71903ca7ad7adacad6c28a56d62d2"
            ],
            "version": "==1.2.0"
        },
        "lgppp-lofar-pipeline": {
            "git": "https://github.com/EOSC-LOFAR/LGPPP_LOFAR_pipeline.git",
            "ref": "096e61fc1ad2223196873ddf03369a7922dc2960"
        },
        "lofar-iee-pipeline": {
            "git": "https://github.com/process-project/LOFAR_IEE_pipeline.git",
            "ref": "0450609559afc8b07c64bb9e28dfb45310626025"
        },
        "matplotlib": {
            "hashes": [
                "sha256:2466d4dddeb0f5666fd1e6736cc5287a4f9f7ae6c1a9e0779deff798b28e1d35",
                "sha256:282b3fc8023c4365bad924d1bb442ddc565c2d1635f210b700722776da466ca3",
                "sha256:4bb50ee4755271a2017b070984bcb788d483a8ce3132fab68393d1555b62d4ba",
                "sha256:56d3147714da5c7ac4bc452d041e70e0e0b07c763f604110bd4e2527f320b86d",
                "sha256:7a9baefad265907c6f0b037c8c35a10cf437f7708c27415a5513cf09ac6d6ddd",
                "sha256:aae7d107dc37b4bb72dcc45f70394e6df2e5e92ac4079761aacd0e2ad1d3b1f7",
                "sha256:af14e77829c5b5d5be11858d042d6f2459878f8e296228c7ea13ec1fd308eb68",
                "sha256:c1cf735970b7cd424502719b44288b21089863aaaab099f55e0283a721aaf781",
                "sha256:ce378047902b7a05546b6485b14df77b2ff207a0054e60c10b5680132090c8ee",
                "sha256:d35891a86a4388b6965c2d527b9a9f9e657d9e110b0575ca8a24ba0d4e34b8fc",
                "sha256:e06304686209331f99640642dee08781a9d55c6e32abb45ed54f021f46ccae47",
                "sha256:e20ba7fb37d4647ac38f3c6d8672dd8b62451ee16173a0711b37ba0ce42bf37d",
                "sha256:f4412241e32d0f8d3713b68d3ca6430190a5e8a7c070f1c07d7833d8c5264398",
                "sha256:ffe2f9cdcea1086fc414e82f42271ecf1976700b8edd16ca9d376189c6d93aee"
            ],
            "index": "pypi",
            "version": "==3.2.1"
        },
        "networkx": {
            "hashes": [
                "sha256:cdfbf698749a5014bf2ed9db4a07a5295df1d3a53bf80bf3cbd61edf9df05fa1",
                "sha256:f8f4ff0b6f96e4f9b16af6b84622597b5334bf9cae8cf9b2e42e7985d5c95c64"
            ],
            "version": "==2.4"
        },
        "numpy": {
            "hashes": [
                "sha256:0aa2b318cf81eb1693fcfcbb8007e95e231d7e1aa24288137f3b19905736c3ee",
                "sha256:163c78c04f47f26ca1b21068cea25ed7c5ecafe5f5ab2ea4895656a750582b56",
                "sha256:1e37626bcb8895c4b3873fcfd54e9bfc5ffec8d0f525651d6985fcc5c6b6003c",
                "sha256:264fd15590b3f02a1fbc095e7e1f37cdac698ff3829e12ffdcffdce3772f9d44",
                "sha256:3d9e1554cd9b5999070c467b18e5ae3ebd7369f02706a8850816f576a954295f",
                "sha256:40c24960cd5cec55222963f255858a1c47c6fa50a65a5b03fd7de75e3700eaaa",
                "sha256:46f404314dbec78cb342904f9596f25f9b16e7cf304030f1339e553c8e77f51c",
                "sha256:4847f0c993298b82fad809ea2916d857d0073dc17b0510fbbced663b3265929d",
                "sha256:48e15612a8357393d176638c8f68a19273676877caea983f8baf188bad430379",
                "sha256:6725d2797c65598778409aba8cd67077bb089d5b7d3d87c2719b206dc84ec05e",
                "sha256:99f0ba97e369f02a21bb95faa3a0de55991fd5f0ece2e30a9e2eaebeac238921",
                "sha256:a41f303b3f9157a31ce7203e3ca757a0c40c96669e72d9b6ee1bce8507638970",
                "sha256:a4305564e93f5c4584f6758149fd446df39fd1e0a8c89ca0deb3cce56106a027",
                "sha256:a551d8cc267c634774830086da42e4ba157fa41dd3b93982bc9501b284b0c689",
                "sha256:a6bc9432c2640b008d5f29bad737714eb3e14bb8854878eacf3d7955c4e91c36",
                "sha256:c60175d011a2e551a2f74c84e21e7c982489b96b6a5e4b030ecdeacf2914da68",
                "sha256:e46e2384209c91996d5ec16744234d1c906ab79a701ce1a26155c9ec890b8dc8",
                "sha256:e607b8cdc2ae5d5a63cd1bec30a15b5ed583ac6a39f04b7ba0f03fcfbf29c05b",
                "sha256:e94a39d5c40fffe7696009dbd11bc14a349b377e03a384ed011e03d698787dd3",
                "sha256:eb2286249ebfe8fcb5b425e5ec77e4736d53ee56d3ad296f8947f67150f495e3",
                "sha256:fdee7540d12519865b423af411bd60ddb513d2eb2cd921149b732854995bbf8b"
            ],
            "version": "==1.18.3"
        },
        "paramiko": {
            "hashes": [
                "sha256:920492895db8013f6cc0179293147f830b8c7b21fdfc839b6bad760c27459d9f",
                "sha256:9c980875fa4d2cb751604664e9a2d0f69096643f5be4db1b99599fe114a97b2f"
            ],
            "version": "==2.7.1"
        },
        "pillow": {
            "hashes": [
                "sha256:04a10558320eba9137d6a78ca6fc8f4a5801f1b971152938851dc4629d903579",
                "sha256:0f89ddc77cf421b8cd34ae852309501458942bf370831b4a9b406156b599a14e",
                "sha256:251e5618125ec12ac800265d7048f5857a8f8f1979db9ea3e11382e159d17f68",
                "sha256:291bad7097b06d648222b769bbfcd61e40d0abdfe10df686d20ede36eb8162b6",
                "sha256:2f0b52a08d175f10c8ea36685115681a484c55d24d0933f9fd911e4111c04144",
                "sha256:3713386d1e9e79cea1c5e6aaac042841d7eef838cc577a3ca153c8bedf570287",
                "sha256:433bbc2469a2351bea53666d97bb1eb30f0d56461735be02ea6b27654569f80f",
                "sha256:4510c6b33277970b1af83c987277f9a08ec2b02cc20ac0f9234e4026136bb137",
                "sha256:50a10b048f4dd81c092adad99fa5f7ba941edaf2f9590510109ac2a15e706695",
                "sha256:670e58d3643971f4afd79191abd21623761c2ebe61db1c2cb4797d817c4ba1a7",
                "sha256:6c1924ed7dbc6ad0636907693bbbdd3fdae1d73072963e71f5644b864bb10b4d",
                "sha256:721c04d3c77c38086f1f95d1cd8df87f2f9a505a780acf8575912b3206479da1",
                "sha256:8d5799243050c2833c2662b824dfb16aa98e408d2092805edea4300a408490e7",
                "sha256:90cd441a1638ae176eab4d8b6b94ab4ec24b212ed4c3fbee2a6e74672481d4f8",
                "sha256:a5dc9f28c0239ec2742d4273bd85b2aa84655be2564db7ad1eb8f64b1efcdc4c",
                "sha256:b2f3e8cc52ecd259b94ca880fea0d15f4ebc6da2cd3db515389bb878d800270f",
                "sha256:b7453750cf911785009423789d2e4e5393aae9cbb8b3f471dab854b85a26cb89",
                "sha256:b99b2607b6cd58396f363b448cbe71d3c35e28f03e442ab00806463439629c2c",
                "sha256:cd47793f7bc9285a88c2b5551d3f16a2ddd005789614a34c5f4a598c2a162383",
                "sha256:d6bf085f6f9ec6a1724c187083b37b58a8048f86036d42d21802ed5d1fae4853",
                "sha256:da737ab273f4d60ae552f82ad83f7cbd0e173ca30ca20b160f708c92742ee212",
                "sha256:eb84e7e5b07ff3725ab05977ac56d5eeb0c510795aeb48e8b691491be3c5745b"
            ],
            "version": "==7.1.1"
        },
        "pyavm": {
            "hashes": [
                "sha256:962331c5869fb6fa23e483e5760874262355579dc4c9cb5ff1d0288dc82d5102",
                "sha256:f298b864e5bc101ecbb0e46252e95e18a180ac28ba6ec362e63c12a7e914e386"
            ],
            "version": "==0.9.4"
        },
        "pycparser": {
            "hashes": [
                "sha256:2d475327684562c3a96cc71adf7dc8c4f0565175cf86b6d7a404ff4c771f15f0",
                "sha256:7582ad22678f0fcd81102833f60ef8d0e57288b6b5fb00323d101be910e35705"
            ],
            "version": "==2.20"
        },
        "pynacl": {
            "hashes": [
                "sha256:05c26f93964373fc0abe332676cb6735f0ecad27711035b9472751faa8521255",
                "sha256:0c6100edd16fefd1557da078c7a31e7b7d7a52ce39fdca2bec29d4f7b6e7600c",
                "sha256:0d0a8171a68edf51add1e73d2159c4bc19fc0718e79dec51166e940856c2f28e",
                "sha256:1c780712b206317a746ace34c209b8c29dbfd841dfbc02aa27f2084dd3db77ae",
                "sha256:2424c8b9f41aa65bbdbd7a64e73a7450ebb4aa9ddedc6a081e7afcc4c97f7621",
                "sha256:2d23c04e8d709444220557ae48ed01f3f1086439f12dbf11976e849a4926db56",
                "sha256:30f36a9c70450c7878053fa1344aca0145fd47d845270b43a7ee9192a051bf39",
                "sha256:37aa336a317209f1bb099ad177fef0da45be36a2aa664507c5d72015f956c310",
                "sha256:4943decfc5b905748f0756fdd99d4f9498d7064815c4cf3643820c9028b711d1",
                "sha256:53126cd91356342dcae7e209f840212a58dcf1177ad52c1d938d428eebc9fee5",
                "sha256:57ef38a65056e7800859e5ba9e6091053cd06e1038983016effaffe0efcd594a",
                "sha256:5bd61e9b44c543016ce1f6aef48606280e45f892a928ca7068fba30021e9b786",
                "sha256:6482d3017a0c0327a49dddc8bd1074cc730d45db2ccb09c3bac1f8f32d1eb61b",
                "sha256:7d3ce02c0784b7cbcc771a2da6ea51f87e8716004512493a2b69016326301c3b",
                "sha256:a14e499c0f5955dcc3991f785f3f8e2130ed504fa3a7f44009ff458ad6bdd17f",
                "sha256:a39f54ccbcd2757d1d63b0ec00a00980c0b382c62865b61a505163943624ab20",
                "sha256:aabb0c5232910a20eec8563503c153a8e78bbf5459490c49ab31f6adf3f3a415",
                "sha256:bd4ecb473a96ad0f90c20acba4f0bf0df91a4e03a1f4dd6a4bdc9ca75aa3a715",
                "sha256:bf459128feb543cfca16a95f8da31e2e65e4c5257d2f3dfa8c0c1031139c9c92",
                "sha256:e2da3c13307eac601f3de04887624939aca8ee3c9488a0bb0eca4fb9401fc6b1",
                "sha256:f67814c38162f4deb31f68d590771a29d5ae3b1bd64b75cf232308e5c74777e0"
            ],
            "version": "==1.3.0"
        },
        "pyparsing": {
            "hashes": [
                "sha256:c203ec8783bf771a155b207279b9bccb8dea02d8f0c9e5f8ead507bc3246ecc1",
                "sha256:ef9d7589ef3c200abe66653d3f1ab1033c3c419ae9b9bdb1240a85b024efc88b"
            ],
            "version": "==2.4.7"
        },
        "pyregion": {
            "hashes": [
                "sha256:a8ac5f764b53ec332f6bc43f6f2193ca13e8b7d5a3fb2e20ced6b2ea42a9d094"
            ],
            "version": "==2.0"
        },
        "python-dateutil": {
            "hashes": [
                "sha256:73ebfe9dbf22e832286dafa60473e4cd239f8592f699aa5adaf10050e6e1823c",
                "sha256:75bb3f31ea686f1197762692a9ee6a7550b59fc6ca3a1f4b5d7e32fb98e2da2a"
            ],
            "version": "==2.8.1"
        },
        "pytz": {
            "hashes": [
                "sha256:1c557d7d0e871de1f5ccd5833f60fb2550652da6be2693c1e02300743d21500d",
                "sha256:b02c06db6cf09c12dd25137e563b31700d3b80fcc4ad23abb7a315f2789819be"
            ],
            "version": "==2019.3"
        },
        "pywavelets": {
            "hashes": [
                "sha256:076ca8907001fdfe4205484f719d12b4a0262dfe6652fa1cfc3c5c362d14dc84",
                "sha256:18a51b3f9416a2ae6e9a35c4af32cf520dd7895f2b69714f4aa2f4342fca47f9",
                "sha256:1a64b40f6acb4ffbaccce0545d7fc641744f95351f62e4c6aaa40549326008c9",
                "sha256:35959c041ec014648575085a97b498eafbbaa824f86f6e4a59bfdef8a3fe6308",
                "sha256:55e39ec848ceec13c9fa1598253ae9dd5c31d09dfd48059462860d2b908fb224",
                "sha256:6162dc0ae04669ea04b4b51420777b9ea2d30b0a9d02901b2a3b4d61d159c2e9",
                "sha256:68b5c33741d26c827074b3d8f0251de1c3019bb9567b8d303eb093c822ce28f1",
                "sha256:720dbcdd3d91c6dfead79c80bf8b00a1d8aa4e5d551dc528c6d5151e4efc3403",
                "sha256:7947e51ca05489b85928af52a34fe67022ab5b81d4ae32a4109a99e883a0635e",
                "sha256:79f5b54f9dc353e5ee47f0c3f02bebd2c899d49780633aa771fed43fa20b3149",
                "sha256:80b924edbc012ded8aa8b91cb2fd6207fb1a9a3a377beb4049b8a07445cec6f0",
                "sha256:889d4c5c5205a9c90118c1980df526857929841df33e4cd1ff1eff77c6817a65",
                "sha256:935ff247b8b78bdf77647fee962b1cc208c51a7b229db30b9ba5f6da3e675178",
                "sha256:98b2669c5af842a70cfab33a7043fcb5e7535a690a00cd251b44c9be0be418e5",
                "sha256:9e2528823ccf5a0a1d23262dfefe5034dce89cd84e4e124dc553dfcdf63ebb92",
                "sha256:bc5e87b72371da87c9bebc68e54882aada9c3114e640de180f62d5da95749cd3",
                "sha256:be105382961745f88d8196bba5a69ee2c4455d87ad2a2e5d1eed6bd7fda4d3fd",
                "sha256:c06d2e340c7bf8b9ec71da2284beab8519a3908eab031f4ea126e8ccfc3fd567",
                "sha256:cfe79844526dd92e3ecc9490b5031fca5f8ab607e1e858feba232b1b788ff0ea",
                "sha256:d510aef84d9852653d079c84f2f81a82d5d09815e625f35c95714e7364570ad4",
                "sha256:e02a0558e0c2ac8b8bbe6a6ac18c136767ec56b96a321e0dfde2173adfa5a504"
            ],
            "version": "==1.1.1"
        },
        "reproject": {
            "hashes": [
                "sha256:14a29a92cd8f738850fc1b78a1d606f3fb26dc2ee278e6d94e87319042b24a41",
                "sha256:152d0509fa12f7ce066a3eea4e065b7da65aa785737b9d08a5569b0e47b63ae2",
                "sha256:23f63a67081c83ab436ccdc14c6db67cb2a21a994fbdc5d1ccfe6ebaa36dcbd2",
                "sha256:293fd64cd3a6c06f5715cf4ec169bac4b99b32463999dfe19662103b7a055af7",
                "sha256:3703dc292d267a8f9abddb4ecba981cce598376ab82fbf938770df02c273b4da",
                "sha256:5303bc6d3b42dcc46ebbfcac029ecb10188776568276dc61cbc4107a3a4fce84",
                "sha256:540784711f9675a1accfef7204387ec5ca6fc8a61052a5ae96f5742cde30fce6",
                "sha256:60995f472b9ea52def41a19368b52852f29b6a7db969ad06044fa37733f7694b",
                "sha256:63950416ab4e837ba6157769a10eaa98ade4f1a9e232dc469204cf0c7e99d8bb",
                "sha256:6481a2655b430e3ff7467bd05e5c6ecdfde3c09435ffdd04a950f963c9a50d1f",
                "sha256:6ae9fd72730470f3f5dba02af6af54e5f87422178244a5efee78654ba4bc0e82",
                "sha256:6c88cfbd2d5ed39a25660980e72afdd1a662d4fafe336ac736b151b63aa19ae5",
                "sha256:86ffd5316ac6243833e16c7d9d0d9841fa18780ae3302552ba5c3ba8dd517fca",
                "sha256:9ad3e85022e91255eb813e6100cbe349f6204ba94b4b9f8044df431a531f71dd",
                "sha256:9d554150d7ae4fd11685467a6858753d10dd5795a512f556dad4e6cee075b8b9",
                "sha256:b832c6f5a4874f3a2a59fbc8fd322f1c16fd3d1f12f66f73c507e7eff194610b",
                "sha256:bc749e6fcbb9855a4fa1e07ac3926ca1e26b60143c504fecca346e3662d1ec05",
                "sha256:bdca316520982757bb825f0784f3f32ceb4d65abe61b7a6dde88df9f81a011b7",
                "sha256:bdd1fa7d3bc105dcf39d0a312e2eda7322cc028feb19179525ea03af68a889a5",
                "sha256:c6a5fa7173a37553345270e23c5e98d9146029c82a1a787340f9c57ce73acba6",
                "sha256:cf7746226276c4e31e5046a885d0c6744e68f7d26ff906c64d3f0dcb0c089ea4",
                "sha256:e1703229b3e52361af9bb2bc16617eb52d170f047d995f18ec465dcf7884314d"
            ],
            "version": "==0.7"
        },
        "requests": {
            "hashes": [
                "sha256:43999036bfa82904b6af1d99e4882b560e5e2c68e5c4b0aa03b655f3d7d73fee",
                "sha256:b3f43d496c6daba4493e7c431722aeb7dbc6288f52a6e04e7b6023b0247817e6"
            ],
            "index": "pypi",
            "version": "==2.23.0"
        },
        "scikit-image": {
            "hashes": [
                "sha256:063d1c20fcd53762f82ee58c29783ae4e8f6fbed445b41b704fa33b6f355729d",
                "sha256:0715b7940778ba5d73da3908d60ddf2eb93863f7c394493a522fe56d3859295c",
                "sha256:0808ab5f8218d91a1c008036993636535a37efd67a52ab0f2e6e3f4b7e75aeda",
                "sha256:2a54bea469eb1b611bee1ce36e60710f5f94f29205bc5bd67a51793909b1e62b",
                "sha256:2aa962aa82d815606d7dad7f045f5d7ca55c65b4320d47e15a98fc92612c2d6c",
                "sha256:2d346d49b6852cffb47cbde995e2696d5b07f688d8c057a0a4548abf3a98f920",
                "sha256:3ad2efa792ab8de5fcefe6f4f5bc1ab64c411cdb5c829ce1526ab3a5a7729627",
                "sha256:3af3d781ce085573ced37b2b5b9abfd32ce3d4723bd17f37e829025d189b0421",
                "sha256:41e28db0136f29ecd305bef0408fdfc64be9d415e54f5099a95555c65f5c1865",
                "sha256:6786b127f33470fd843e644435522fbf43bce05c9f5527946c390ccb9e1cac27",
                "sha256:8b2b768b02c6b7476f2e16ddd91f827d3817aef73f82cf28bff7a8dcdfd8c55c",
                "sha256:a48fb0d34a090b578b87ffebab0fe035295c1945dbc2b28e1a55ea2cf6031751",
                "sha256:dd7fbd32da74d4e9967dc15845f731f16e7966cee61f5dc0e12e2abb1305068c",
                "sha256:e18d73cc8893e2268b172c29f9aab530faf8cd3b7c11ae0bee3e763d719d35c5",
                "sha256:e774377876cb258e8f4d63f7809863f961c98aa02263b3ff54a39483bc6f7d26"
            ],
            "version": "==0.16.2"
        },
        "scipy": {
            "hashes": [
                "sha256:00af72998a46c25bdb5824d2b729e7dabec0c765f9deb0b504f928591f5ff9d4",
                "sha256:0902a620a381f101e184a958459b36d3ee50f5effd186db76e131cbefcbb96f7",
                "sha256:1e3190466d669d658233e8a583b854f6386dd62d655539b77b3fa25bfb2abb70",
                "sha256:2cce3f9847a1a51019e8c5b47620da93950e58ebc611f13e0d11f4980ca5fecb",
                "sha256:3092857f36b690a321a662fe5496cb816a7f4eecd875e1d36793d92d3f884073",
                "sha256:386086e2972ed2db17cebf88610aab7d7f6e2c0ca30042dc9a89cf18dcc363fa",
                "sha256:71eb180f22c49066f25d6df16f8709f215723317cc951d99e54dc88020ea57be",
                "sha256:770254a280d741dd3436919d47e35712fb081a6ff8bafc0f319382b954b77802",
                "sha256:787cc50cab3020a865640aba3485e9fbd161d4d3b0d03a967df1a2881320512d",
                "sha256:8a07760d5c7f3a92e440ad3aedcc98891e915ce857664282ae3c0220f3301eb6",
                "sha256:8d3bc3993b8e4be7eade6dcc6fd59a412d96d3a33fa42b0fa45dc9e24495ede9",
                "sha256:9508a7c628a165c2c835f2497837bf6ac80eb25291055f56c129df3c943cbaf8",
                "sha256:a144811318853a23d32a07bc7fd5561ff0cac5da643d96ed94a4ffe967d89672",
                "sha256:a1aae70d52d0b074d8121333bc807a485f9f1e6a69742010b33780df2e60cfe0",
                "sha256:a2d6df9eb074af7f08866598e4ef068a2b310d98f87dc23bd1b90ec7bdcec802",
                "sha256:bb517872058a1f087c4528e7429b4a44533a902644987e7b2fe35ecc223bc408",
                "sha256:c5cac0c0387272ee0e789e94a570ac51deb01c796b37fb2aad1fb13f85e2f97d",
                "sha256:cc971a82ea1170e677443108703a2ec9ff0f70752258d0e9f5433d00dda01f59",
                "sha256:dba8306f6da99e37ea08c08fef6e274b5bf8567bb094d1dbe86a20e532aca088",
                "sha256:dc60bb302f48acf6da8ca4444cfa17d52c63c5415302a9ee77b3b21618090521",
                "sha256:dee1bbf3a6c8f73b6b218cb28eed8dd13347ea2f87d572ce19b289d6fd3fbc59"
            ],
            "version": "==1.4.1"
        },
        "shapely": {
            "hashes": [
                "sha256:11090bd5b5f11d54e1924a11198226971dab6f392c2e5a3c74514857f764b971",
                "sha256:1af407c58e7898a511ad01dc6e7c2099493071d939340553686b27513db6478e",
                "sha256:2154b9f25c5f13785cb05ce80b2c86e542bc69671193743f29c9f4c791c35db3",
                "sha256:234c5424d61d8b263d6d20045f5f32437819627ca57c1ea0c08368013b49824b",
                "sha256:29be7767a32df19e2186288cee63e539b386a35139524dc22eeceb244d0b092b",
                "sha256:2a2d37105c1d6d936f829de6c1c4ec8d43484d7b8bae8493bdd4267140dce650",
                "sha256:3793b09cbd86fe297193b365cbaf58b2f7d1ddeb273213185b2ddbab360e54ae",
                "sha256:4acbd566544c33bbc58c7dd264638ff3b91a57d9b162693c37520ea60d13668d",
                "sha256:50f96eb9993b6d841aac0addb84ea5f9da81c3fa97e1ec67c11964c8bb4fa0a5",
                "sha256:640e8a82b5f69ccd14e7520dd66d1247cf362096586e663ef9b8098cc0cb272b",
                "sha256:7554b1acd64a34d78189ab2f691bac967e0d9b38a4f345044552f9dcf3f92149",
                "sha256:7e9b01e89712fd988f931721fa36298e06a02eedf87fe7a7fd704d08f74c00f1",
                "sha256:9c62a9f7adceaa3110f2ec359c70dddd1640191609e91029e4d307e63fc8a5af",
                "sha256:a6c07b3b87455d107b0e4097889e9aba80a0812abf32a322a133af819b85d68a",
                "sha256:ae9a2da2b30c0b42029337854f78c71c28d285d254efd5f3be3700d997bfd18e",
                "sha256:b845a97f8366cc4aca197c3b04304cc301d9250518123155732da6a0e0575b49",
                "sha256:cc0fb1851b59473d2fa2f257f1e35740875af3f402c4575b4115028234e6f2eb",
                "sha256:e21a9fe1a416463ff11ae037766fe410526c95700b9e545372475d2361cc951e",
                "sha256:f7eb83fb36755edcbeb76fb367104efdf980307536c38ef610cb2e1a321defe0"
            ],
            "version": "==1.7.0"
        },
        "six": {
            "hashes": [
                "sha256:236bdbdce46e6e6a3d61a337c0f8b763ca1e8717c03b369e87a7ec7ce1319c0a",
                "sha256:8f3cd2e254d8f793e7f3d6d9df77b92252b52637291d0f0da013c76ea2724b6c"
            ],
            "version": "==1.14.0"
        },
        "sqlparse": {
            "hashes": [
                "sha256:022fb9c87b524d1f7862b3037e541f68597a730a8843245c349fc93e1643dc4e",
                "sha256:e162203737712307dfe78860cc56c8da8a852ab2ee33750e33aeadf38d12c548"
            ],
            "version": "==0.3.1"
        },
        "uc2-lofar-pipeline": {
            "git": "https://github.com/process-project/UC2_pipeline.git",
            "ref": "45842f08633a09e435639d8a763b3be7cffe37a3"
        },
        "urllib3": {
            "hashes": [
                "sha256:3018294ebefce6572a474f0604c2021e33b3fd8006ecd11d62107a5d2a963527",
                "sha256:88206b0eb87e6d677d424843ac5209e3fb9d0190d0ee169599165ec25e9d9115"
            ],
            "version": "==1.25.9"
        }
    },
    "develop": {}
}
